// !$*UTF8*$!
{
	archiveVersion = 1;
	classes = {
	};
	objectVersion = 56;
	objects = {

/* Begin PBXBuildFile section */
		A10000012F50000100000001 /* OpenNoteClinicalApp.swift in Sources */ = {isa = PBXBuildFile; fileRef = A10000112F50000100000001 /* OpenNoteClinicalApp.swift */; };
		A10000022F50000100000002 /* User.swift in Sources */ = {isa = PBXBuildFile; fileRef = A10000122F50000100000002 /* User.swift */; };
		A10000032F50000100000003 /* Note.swift in Sources */ = {isa = PBXBuildFile; fileRef = A10000132F50000100000003 /* Note.swift */; };
		A10000042F50000100000004 /* NoteBlock.swift in Sources */ = {isa = PBXBuildFile; fileRef = A10000142F50000100000004 /* NoteBlock.swift */; };
		A10000052F50000100000005 /* LocalUser.swift in Sources */ = {isa = PBXBuildFile; fileRef = A10000152F50000100000005 /* LocalUser.swift */; };
		A10000062F50000100000006 /* SupabaseManager.swift in Sources */ = {isa = PBXBuildFile; fileRef = A10000162F50000100000006 /* SupabaseManager.swift */; };
		A10000072F50000100000007 /* AuthViewModel.swift in Sources */ = {isa = PBXBuildFile; fileRef = A10000172F50000100000007 /* AuthViewModel.swift */; };
		A10000082F50000100000008 /* RootView.swift in Sources */ = {isa = PBXBuildFile; fileRef = A10000182F50000100000008 /* RootView.swift */; };
		A10000092F50000100000009 /* AuthView.swift in Sources */ = {isa = PBXBuildFile; fileRef = A10000192F50000100000009 /* AuthView.swift */; };
		A100000A2F5000010000000A /* DashboardView.swift in Sources */ = {isa = PBXBuildFile; fileRef = A100001A2F5000010000000A /* DashboardView.swift */; };
		A100000B2F5000010000000B /* SupabaseConfig.swift in Sources */ = {isa = PBXBuildFile; fileRef = A100001B2F5000010000000B /* SupabaseConfig.swift */; };
		A100000C2F5000010000000C /* Supabase in Frameworks */ = {isa = PBXBuildFile; productRef = A10000202F5000010000000C /* Supabase */; };
		A10000302F50000100000030 /* Assets.xcassets in Resources */ = {isa = PBXBuildFile; fileRef = A10000312F50000100000030 /* Assets.xcassets */; };
		A10000402F50000100000040 /* NoteViewModel.swift in Sources */ = {isa = PBXBuildFile; fileRef = A10000412F50000100000040 /* NoteViewModel.swift */; };
		A10000422F50000100000042 /* NoteEditorView.swift in Sources */ = {isa = PBXBuildFile; fileRef = A10000432F50000100000043 /* NoteEditorView.swift */; };
		A10000442F50000100000044 /* BlockRowView.swift in Sources */ = {isa = PBXBuildFile; fileRef = A10000452F50000100000045 /* BlockRowView.swift */; };
		A10000462F50000100000046 /* ParagraphBlockView.swift in Sources */ = {isa = PBXBuildFile; fileRef = A10000472F50000100000047 /* ParagraphBlockView.swift */; };
		A10000482F50000100000048 /* HeadingBlockView.swift in Sources */ = {isa = PBXBuildFile; fileRef = A10000492F50000100000049 /* HeadingBlockView.swift */; };
		A100004A2F5000010000004A /* BulletListBlockView.swift in Sources */ = {isa = PBXBuildFile; fileRef = A100004B2F5000010000004B /* BulletListBlockView.swift */; };
		A100004C2F5000010000004C /* NumberedListBlockView.swift in Sources */ = {isa = PBXBuildFile; fileRef = A100004D2F5000010000004D /* NumberedListBlockView.swift */; };
		A100004E2F5000010000004E /* CodeCardBlockView.swift in Sources */ = {isa = PBXBuildFile; fileRef = A100004F2F5000010000004F /* CodeCardBlockView.swift */; };
		A10000502F50000100000050 /* AIPromptBlockView.swift in Sources */ = {isa = PBXBuildFile; fileRef = A10000512F50000100000051 /* AIPromptBlockView.swift */; };
		A10000522F50000100000052 /* NoteRowView.swift in Sources */ = {isa = PBXBuildFile; fileRef = A10000532F50000100000053 /* NoteRowView.swift */; };
		A10000602F50000100000060 /* OpenAIConfig.swift in Sources */ = {isa = PBXBuildFile; fileRef = A10000612F50000100000061 /* OpenAIConfig.swift */; };
		A10000622F50000100000062 /* OpenAIService.swift in Sources */ = {isa = PBXBuildFile; fileRef = A10000632F50000100000063 /* OpenAIService.swift */; };
		A10000642F50000100000064 /* AIAssistantViewModel.swift in Sources */ = {isa = PBXBuildFile; fileRef = A10000652F50000100000065 /* AIAssistantViewModel.swift */; };
		A10000662F50000100000066 /* AIAssistantSidebarView.swift in Sources */ = {isa = PBXBuildFile; fileRef = A10000672F50000100000067 /* AIAssistantSidebarView.swift */; };
		A10000702F50000100000070 /* NoteSyncService.swift in Sources */ = {isa = PBXBuildFile; fileRef = A10000712F50000100000071 /* NoteSyncService.swift */; };
		A10000722F50000100000072 /* SemanticSearchService.swift in Sources */ = {isa = PBXBuildFile; fileRef = A10000732F50000100000073 /* SemanticSearchService.swift */; };
/* End PBXBuildFile section */

/* Begin PBXFileReference section */
		A100000D2F5000010000000D /* OpenNoteClinical.app */ = {isa = PBXFileReference; explicitFileType = wrapper.application; includeInIndex = 0; path = OpenNoteClinical.app; sourceTree = BUILT_PRODUCTS_DIR; };
		A10000112F50000100000001 /* OpenNoteClinicalApp.swift */ = {isa = PBXFileReference; lastKnownFileType = sourcecode.swift; path = OpenNoteClinicalApp.swift; sourceTree = "<group>"; };
		A10000122F50000100000002 /* User.swift */ = {isa = PBXFileReference; lastKnownFileType = sourcecode.swift; path = User.swift; sourceTree = "<group>"; };
		A10000132F50000100000003 /* Note.swift */ = {isa = PBXFileReference; lastKnownFileType = sourcecode.swift; path = Note.swift; sourceTree = "<group>"; };
		A10000142F50000100000004 /* NoteBlock.swift */ = {isa = PBXFileReference; lastKnownFileType = sourcecode.swift; path = NoteBlock.swift; sourceTree = "<group>"; };
		A10000152F50000100000005 /* LocalUser.swift */ = {isa = PBXFileReference; lastKnownFileType = sourcecode.swift; path = LocalUser.swift; sourceTree = "<group>"; };
		A10000162F50000100000006 /* SupabaseManager.swift */ = {isa = PBXFileReference; lastKnownFileType = sourcecode.swift; path = SupabaseManager.swift; sourceTree = "<group>"; };
		A10000172F50000100000007 /* AuthViewModel.swift */ = {isa = PBXFileReference; lastKnownFileType = sourcecode.swift; path = AuthViewModel.swift; sourceTree = "<group>"; };
		A10000182F50000100000008 /* RootView.swift */ = {isa = PBXFileReference; lastKnownFileType = sourcecode.swift; path = RootView.swift; sourceTree = "<group>"; };
		A10000192F50000100000009 /* AuthView.swift */ = {isa = PBXFileReference; lastKnownFileType = sourcecode.swift; path = AuthView.swift; sourceTree = "<group>"; };
		A100001A2F5000010000000A /* DashboardView.swift */ = {isa = PBXFileReference; lastKnownFileType = sourcecode.swift; path = DashboardView.swift; sourceTree = "<group>"; };
		A100001B2F5000010000000B /* SupabaseConfig.swift */ = {isa = PBXFileReference; lastKnownFileType = sourcecode.swift; path = SupabaseConfig.swift; sourceTree = "<group>"; };
		A10000312F50000100000030 /* Assets.xcassets */ = {isa = PBXFileReference; lastKnownFileType = folder.assetcatalog; path = Assets.xcassets; sourceTree = "<group>"; };
		A10000412F50000100000040 /* NoteViewModel.swift */ = {isa = PBXFileReference; lastKnownFileType = sourcecode.swift; path = NoteViewModel.swift; sourceTree = "<group>"; };
		A10000432F50000100000043 /* NoteEditorView.swift */ = {isa = PBXFileReference; lastKnownFileType = sourcecode.swift; path = NoteEditorView.swift; sourceTree = "<group>"; };
		A10000452F50000100000045 /* BlockRowView.swift */ = {isa = PBXFileReference; lastKnownFileType = sourcecode.swift; path = BlockRowView.swift; sourceTree = "<group>"; };
		A10000472F50000100000047 /* ParagraphBlockView.swift */ = {isa = PBXFileReference; lastKnownFileType = sourcecode.swift; path = ParagraphBlockView.swift; sourceTree = "<group>"; };
		A10000492F50000100000049 /* HeadingBlockView.swift */ = {isa = PBXFileReference; lastKnownFileType = sourcecode.swift; path = HeadingBlockView.swift; sourceTree = "<group>"; };
		A100004B2F5000010000004B /* BulletListBlockView.swift */ = {isa = PBXFileReference; lastKnownFileType = sourcecode.swift; path = BulletListBlockView.swift; sourceTree = "<group>"; };
		A100004D2F5000010000004D /* NumberedListBlockView.swift */ = {isa = PBXFileReference; lastKnownFileType = sourcecode.swift; path = NumberedListBlockView.swift; sourceTree = "<group>"; };
		A100004F2F5000010000004F /* CodeCardBlockView.swift */ = {isa = PBXFileReference; lastKnownFileType = sourcecode.swift; path = CodeCardBlockView.swift; sourceTree = "<group>"; };
		A10000512F50000100000051 /* AIPromptBlockView.swift */ = {isa = PBXFileReference; lastKnownFileType = sourcecode.swift; path = AIPromptBlockView.swift; sourceTree = "<group>"; };
		A10000532F50000100000053 /* NoteRowView.swift */ = {isa = PBXFileReference; lastKnownFileType = sourcecode.swift; path = NoteRowView.swift; sourceTree = "<group>"; };
		A10000612F50000100000061 /* OpenAIConfig.swift */ = {isa = PBXFileReference; lastKnownFileType = sourcecode.swift; path = OpenAIConfig.swift; sourceTree = "<group>"; };
		A10000632F50000100000063 /* OpenAIService.swift */ = {isa = PBXFileReference; lastKnownFileType = sourcecode.swift; path = OpenAIService.swift; sourceTree = "<group>"; };
		A10000652F50000100000065 /* AIAssistantViewModel.swift */ = {isa = PBXFileReference; lastKnownFileType = sourcecode.swift; path = AIAssistantViewModel.swift; sourceTree = "<group>"; };
		A10000672F50000100000067 /* AIAssistantSidebarView.swift */ = {isa = PBXFileReference; lastKnownFileType = sourcecode.swift; path = AIAssistantSidebarView.swift; sourceTree = "<group>"; };
		A10000712F50000100000071 /* NoteSyncService.swift */ = {isa = PBXFileReference; lastKnownFileType = sourcecode.swift; path = NoteSyncService.swift; sourceTree = "<group>"; };
		A10000732F50000100000073 /* SemanticSearchService.swift */ = {isa = PBXFileReference; lastKnownFileType = sourcecode.swift; path = SemanticSearchService.swift; sourceTree = "<group>"; };
/* End PBXFileReference section */

/* Begin PBXFrameworksBuildPhase section */
		A100000E2F5000010000000E /* Frameworks */ = {
			isa = PBXFrameworksBuildPhase;
			buildActionMask = 2147483647;
			files = (
				A100000C2F5000010000000C /* Supabase in Frameworks */,
			);
			runOnlyForDeploymentPostprocessing = 0;
		};
/* End PBXFrameworksBuildPhase section */

/* Begin PBXGroup section */
		A100000F2F5000010000000F = {
			isa = PBXGroup;
			children = (
				A10000212F5000010000000F /* OpenNoteClinical */,
				A100000D2F5000010000000D /* OpenNoteClinical.app */,
			);
			sourceTree = "<group>";
		};
		A10000212F5000010000000F /* OpenNoteClinical */ = {
			isa = PBXGroup;
			children = (
				A10000222F5000010000000F /* App */,
				A10000312F50000100000030 /* Assets.xcassets */,
				A10000232F5000010000000F /* Config */,
				A10000242F5000010000000F /* Models */,
				A10000252F5000010000000F /* Services */,
				A10000262F5000010000000F /* ViewModels */,
				A10000272F5000010000000F /* Views */,
			);
			path = OpenNoteClinical;
			sourceTree = "<group>";
		};
		A10000222F5000010000000F /* App */ = {
			isa = PBXGroup;
			children = (
				A10000112F50000100000001 /* OpenNoteClinicalApp.swift */,
			);
			path = App;
			sourceTree = "<group>";
		};
		A10000232F5000010000000F /* Config */ = {
			isa = PBXGroup;
			children = (
				A100001B2F5000010000000B /* SupabaseConfig.swift */,
				A10000612F50000100000061 /* OpenAIConfig.swift */,
			);
			path = Config;
			sourceTree = "<group>";
		};
		A10000242F5000010000000F /* Models */ = {
			isa = PBXGroup;
			children = (
				A10000122F50000100000002 /* User.swift */,
				A10000132F50000100000003 /* Note.swift */,
				A10000142F50000100000004 /* NoteBlock.swift */,
				A10000152F50000100000005 /* LocalUser.swift */,
			);
			path = Models;
			sourceTree = "<group>";
		};
		A10000252F5000010000000F /* Services */ = {
			isa = PBXGroup;
			children = (
				A10000162F50000100000006 /* SupabaseManager.swift */,
				A10000632F50000100000063 /* OpenAIService.swift */,
				A10000712F50000100000071 /* NoteSyncService.swift */,
				A10000732F50000100000073 /* SemanticSearchService.swift */,
			);
			path = Services;
			sourceTree = "<group>";
		};
		A10000262F5000010000000F /* ViewModels */ = {
			isa = PBXGroup;
			children = (
				A10000172F50000100000007 /* AuthViewModel.swift */,
				A10000412F50000100000040 /* NoteViewModel.swift */,
				A10000652F50000100000065 /* AIAssistantViewModel.swift */,
			);
			path = ViewModels;
			sourceTree = "<group>";
		};
		A10000272F5000010000000F /* Views */ = {
			isa = PBXGroup;
			children = (
				A10000292F50000100000029 /* AI */,
				A10000282F50000100000028 /* Editor */,
				A10000182F50000100000008 /* RootView.swift */,
				A10000192F50000100000009 /* AuthView.swift */,
				A100001A2F5000010000000A /* DashboardView.swift */,
				A10000532F50000100000053 /* NoteRowView.swift */,
			);
			path = Views;
			sourceTree = "<group>";
		};
		A10000292F50000100000029 /* AI */ = {
			isa = PBXGroup;
			children = (
				A10000672F50000100000067 /* AIAssistantSidebarView.swift */,
			);
			path = AI;
			sourceTree = "<group>";
		};
		A10000282F50000100000028 /* Editor */ = {
			isa = PBXGroup;
			children = (
				A10000432F50000100000043 /* NoteEditorView.swift */,
				A10000452F50000100000045 /* BlockRowView.swift */,
				A10000472F50000100000047 /* ParagraphBlockView.swift */,
				A10000492F50000100000049 /* HeadingBlockView.swift */,
				A100004B2F5000010000004B /* BulletListBlockView.swift */,
				A100004D2F5000010000004D /* NumberedListBlockView.swift */,
				A100004F2F5000010000004F /* CodeCardBlockView.swift */,
				A10000512F50000100000051 /* AIPromptBlockView.swift */,
			);
			path = Editor;
			sourceTree = "<group>";
		};
/* End PBXGroup section */

/* Begin PBXNativeTarget section */
		A10000102F50000100000010 /* OpenNoteClinical */ = {
			isa = PBXNativeTarget;
			buildConfigurationList = A100001C2F50000100000010 /* Build configuration list for PBXNativeTarget "OpenNoteClinical" */;
			buildPhases = (
				A100001D2F50000100000010 /* Sources */,
				A100000E2F5000010000000E /* Frameworks */,
				A100001E2F50000100000010 /* Resources */,
			);
			buildRules = (
			);
			dependencies = (
			);
			name = OpenNoteClinical;
			packageProductDependencies = (
				A10000202F5000010000000C /* Supabase */,
			);
			productReference = A100000D2F5000010000000D /* OpenNoteClinical.app */;
			productType = "com.apple.product-type.application";
		};
/* End PBXNativeTarget section */

/* Begin PBXProject section */
		A10000112F50000100000011 /* Project object */ = {
			isa = PBXProject;
			attributes = {
				BuildIndependentTargetsInParallel = 1;
				LastSwiftUpdateCheck = 1500;
				LastUpgradeCheck = 1500;
				TargetAttributes = {
					A10000102F50000100000010 = {
						CreatedOnToolsVersion = 15.0;
					};
				};
			};
			buildConfigurationList = A100001F2F50000100000011 /* Build configuration list for PBXProject "OpenNoteClinical" */;
			compatibilityVersion = "Xcode 14.0";
			developmentRegion = en;
			hasScannedForEncodings = 0;
			knownRegions = (
				en,
				Base,
			);
			mainGroup = A100000F2F5000010000000F;
			packageReferences = (
				A10000212F5000010000000C /* XCRemoteSwiftPackageReference "supabase-swift" */,
			);
			productRefGroup = A100000F2F5000010000000F;
			projectDirPath = "";
			projectRoot = "";
			targets = (
				A10000102F50000100000010 /* OpenNoteClinical */,
			);
		};
/* End PBXProject section */

/* Begin PBXResourcesBuildPhase section */
		A100001E2F50000100000010 /* Resources */ = {
			isa = PBXResourcesBuildPhase;
			buildActionMask = 2147483647;
			files = (
				A10000302F50000100000030 /* Assets.xcassets in Resources */,
			);
			runOnlyForDeploymentPostprocessing = 0;
		};
/* End PBXResourcesBuildPhase section */

/* Begin PBXSourcesBuildPhase section */
		A100001D2F50000100000010 /* Sources */ = {
			isa = PBXSourcesBuildPhase;
			buildActionMask = 2147483647;
			files = (
				A10000012F50000100000001 /* OpenNoteClinicalApp.swift in Sources */,
				A10000022F50000100000002 /* User.swift in Sources */,
				A10000032F50000100000003 /* Note.swift in Sources */,
				A10000042F50000100000004 /* NoteBlock.swift in Sources */,
				A10000052F50000100000005 /* LocalUser.swift in Sources */,
				A10000062F50000100000006 /* SupabaseManager.swift in Sources */,
				A10000072F50000100000007 /* AuthViewModel.swift in Sources */,
				A10000082F50000100000008 /* RootView.swift in Sources */,
				A10000092F50000100000009 /* AuthView.swift in Sources */,
				A100000A2F5000010000000A /* DashboardView.swift in Sources */,
				A100000B2F5000010000000B /* SupabaseConfig.swift in Sources */,
				A10000402F50000100000040 /* NoteViewModel.swift in Sources */,
				A10000422F50000100000042 /* NoteEditorView.swift in Sources */,
				A10000442F50000100000044 /* BlockRowView.swift in Sources */,
				A10000462F50000100000046 /* ParagraphBlockView.swift in Sources */,
				A10000482F50000100000048 /* HeadingBlockView.swift in Sources */,
				A100004A2F5000010000004A /* BulletListBlockView.swift in Sources */,
				A100004C2F5000010000004C /* NumberedListBlockView.swift in Sources */,
				A100004E2F5000010000004E /* CodeCardBlockView.swift in Sources */,
				A10000502F50000100000050 /* AIPromptBlockView.swift in Sources */,
				A10000522F50000100000052 /* NoteRowView.swift in Sources */,
				A10000602F50000100000060 /* OpenAIConfig.swift in Sources */,
				A10000622F50000100000062 /* OpenAIService.swift in Sources */,
				A10000642F50000100000064 /* AIAssistantViewModel.swift in Sources */,
				A10000662F50000100000066 /* AIAssistantSidebarView.swift in Sources */,
				A10000702F50000100000070 /* NoteSyncService.swift in Sources */,
				A10000722F50000100000072 /* SemanticSearchService.swift in Sources */,
			);
			runOnlyForDeploymentPostprocessing = 0;
		};
/* End PBXSourcesBuildPhase section */

/* Begin XCBuildConfiguration section */
		A10000202F50000100000020 /* Debug */ = {
			isa = XCBuildConfiguration;
			buildSettings = {
				ALWAYS_SEARCH_USER_PATHS = NO;
				ASSETCATALOG_COMPILER_GENERATE_SWIFT_ASSET_SYMBOL_EXTENSIONS = YES;
				CLANG_ANALYZER_NONNULL = YES;
				CLANG_ANALYZER_NUMBER_OBJECT_CONVERSION = YES_AGGRESSIVE;
				CLANG_CXX_LANGUAGE_STANDARD = "gnu++20";
				CLANG_ENABLE_MODULES = YES;
				CLANG_ENABLE_OBJC_ARC = YES;
				CLANG_ENABLE_OBJC_WEAK = YES;
				COPY_PHASE_STRIP = NO;
				DEBUG_INFORMATION_FORMAT = dwarf;
				ENABLE_STRICT_OBJC_MSGSEND = YES;
				ENABLE_TESTABILITY = YES;
				GCC_C_LANGUAGE_STANDARD = gnu17;
				GCC_DYNAMIC_NO_PIC = NO;
				GCC_OPTIMIZATION_LEVEL = 0;
				GCC_PREPROCESSOR_DEFINITIONS = (
					"DEBUG=1",
					"$(inherited)",
				);
				GCC_WARN_64_TO_32_BIT_CONVERSION = YES;
				GCC_WARN_ABOUT_RETURN_TYPE = YES_ERROR;
				GCC_WARN_UNDECLARED_SELECTOR = YES;
				GCC_WARN_UNINITIALIZED_AUTOS = YES_AGGRESSIVE;
				GCC_WARN_UNUSED_FUNCTION = YES;
				GCC_WARN_UNUSED_VARIABLE = YES;
				IPHONEOS_DEPLOYMENT_TARGET = 17.0;
				LOCALIZATION_PREFERS_STRING_CATALOGS = YES;
				MTL_ENABLE_DEBUG_INFO = INCLUDE_SOURCE;
				MTL_FAST_MATH = YES;
				ONLY_ACTIVE_ARCH = YES;
				SDKROOT = iphoneos;
				SWIFT_ACTIVE_COMPILATION_CONDITIONS = "DEBUG $(inherited)";
				SWIFT_OPTIMIZATION_LEVEL = "-Onone";
			};
			name = Debug;
		};
		A10000212F50000100000021 /* Release */ = {
			isa = XCBuildConfiguration;
			buildSettings = {
				ALWAYS_SEARCH_USER_PATHS = NO;
				ASSETCATALOG_COMPILER_GENERATE_SWIFT_ASSET_SYMBOL_EXTENSIONS = YES;
				CLANG_ANALYZER_NONNULL = YES;
				CLANG_ANALYZER_NUMBER_OBJECT_CONVERSION = YES_AGGRESSIVE;
				CLANG_CXX_LANGUAGE_STANDARD = "gnu++20";
				CLANG_ENABLE_MODULES = YES;
				CLANG_ENABLE_OBJC_ARC = YES;
				CLANG_ENABLE_OBJC_WEAK = YES;
				COPY_PHASE_STRIP = NO;
				DEBUG_INFORMATION_FORMAT = "dwarf-with-dsym";
				ENABLE_NS_ASSERTIONS = NO;
				ENABLE_STRICT_OBJC_MSGSEND = YES;
				GCC_C_LANGUAGE_STANDARD = gnu17;
				GCC_WARN_64_TO_32_BIT_CONVERSION = YES;
				GCC_WARN_ABOUT_RETURN_TYPE = YES_ERROR;
				GCC_WARN_UNDECLARED_SELECTOR = YES;
				GCC_WARN_UNINITIALIZED_AUTOS = YES_AGGRESSIVE;
				GCC_WARN_UNUSED_FUNCTION = YES;
				GCC_WARN_UNUSED_VARIABLE = YES;
				IPHONEOS_DEPLOYMENT_TARGET = 17.0;
				LOCALIZATION_PREFERS_STRING_CATALOGS = YES;
				MTL_ENABLE_DEBUG_INFO = NO;
				MTL_FAST_MATH = YES;
				SDKROOT = iphoneos;
				SWIFT_COMPILATION_MODE = wholemodule;
				VALIDATE_PRODUCT = YES;
			};
			name = Release;
		};
		A10000222F50000100000022 /* Debug */ = {
			isa = XCBuildConfiguration;
			buildSettings = {
				ASSETCATALOG_COMPILER_APPICON_NAME = AppIcon;
				ASSETCATALOG_COMPILER_GLOBAL_ACCENT_COLOR_NAME = AccentColor;
				CODE_SIGN_STYLE = Automatic;
				CURRENT_PROJECT_VERSION = 1;
				DEVELOPMENT_ASSET_PATHS = "";
				ENABLE_PREVIEWS = YES;
				GENERATE_INFOPLIST_FILE = YES;
				INFOPLIST_KEY_UIApplicationSceneManifest_Generation = YES;
				INFOPLIST_KEY_UIApplicationSupportsIndirectInputEvents = YES;
				INFOPLIST_KEY_UILaunchScreen_Generation = YES;
				INFOPLIST_KEY_UISupportedInterfaceOrientations_iPad = "UIInterfaceOrientationPortrait UIInterfaceOrientationPortraitUpsideDown UIInterfaceOrientationLandscapeLeft UIInterfaceOrientationLandscapeRight";
				INFOPLIST_KEY_UISupportedInterfaceOrientations_iPhone = "UIInterfaceOrientationPortrait UIInterfaceOrientationLandscapeLeft UIInterfaceOrientationLandscapeRight";
				LD_RUNPATH_SEARCH_PATHS = (
					"$(inherited)",
					"@executable_path/Frameworks",
				);
				MARKETING_VERSION = 1.0;
				PRODUCT_BUNDLE_IDENTIFIER = com.opennote.clinical;
				PRODUCT_NAME = "$(TARGET_NAME)";
				SUPPORTED_PLATFORMS = "iphoneos iphonesimulator";
				SUPPORTS_MACCATALYST = NO;
				SWIFT_EMIT_LOC_STRINGS = YES;
				SWIFT_VERSION = 5.0;
				TARGETED_DEVICE_FAMILY = "1,2";
			};
			name = Debug;
		};
		A10000232F50000100000023 /* Release */ = {
			isa = XCBuildConfiguration;
			buildSettings = {
				ASSETCATALOG_COMPILER_APPICON_NAME = AppIcon;
				ASSETCATALOG_COMPILER_GLOBAL_ACCENT_COLOR_NAME = AccentColor;
				CODE_SIGN_STYLE = Automatic;
				CURRENT_PROJECT_VERSION = 1;
				DEVELOPMENT_ASSET_PATHS = "";
				ENABLE_PREVIEWS = YES;
				GENERATE_INFOPLIST_FILE = YES;
				INFOPLIST_KEY_UIApplicationSceneManifest_Generation = YES;
				INFOPLIST_KEY_UIApplicationSupportsIndirectInputEvents = YES;
				INFOPLIST_KEY_UILaunchScreen_Generation = YES;
				INFOPLIST_KEY_UISupportedInterfaceOrientations_iPad = "UIInterfaceOrientationPortrait UIInterfaceOrientationPortraitUpsideDown UIInterfaceOrientationLandscapeLeft UIInterfaceOrientationLandscapeRight";
				INFOPLIST_KEY_UISupportedInterfaceOrientations_iPhone = "UIInterfaceOrientationPortrait UIInterfaceOrientationLandscapeLeft UIInterfaceOrientationLandscapeRight";
				LD_RUNPATH_SEARCH_PATHS = (
					"$(inherited)",
					"@executable_path/Frameworks",
				);
				MARKETING_VERSION = 1.0;
				PRODUCT_BUNDLE_IDENTIFIER = com.opennote.clinical;
				PRODUCT_NAME = "$(TARGET_NAME)";
				SUPPORTED_PLATFORMS = "iphoneos iphonesimulator";
				SUPPORTS_MACCATALYST = NO;
				SWIFT_EMIT_LOC_STRINGS = YES;
				SWIFT_VERSION = 5.0;
				TARGETED_DEVICE_FAMILY = "1,2";
			};
			name = Release;
		};
/* End XCBuildConfiguration section */

/* Begin XCConfigurationList section */
		A100001C2F50000100000010 /* Build configuration list for PBXNativeTarget "OpenNoteClinical" */ = {
			isa = XCConfigurationList;
			buildConfigurations = (
				A10000222F50000100000022 /* Debug */,
				A10000232F50000100000023 /* Release */,
			);
			defaultConfigurationIsVisible = 0;
			defaultConfigurationName = Release;
		};
		A100001F2F50000100000011 /* Build configuration list for PBXProject "OpenNoteClinical" */ = {
			isa = XCConfigurationList;
			buildConfigurations = (
				A10000202F50000100000020 /* Debug */,
				A10000212F50000100000021 /* Release */,
			);
			defaultConfigurationIsVisible = 0;
			defaultConfigurationName = Release;
		};
/* End XCConfigurationList section */

/* Begin XCRemoteSwiftPackageReference section */
		A10000212F5000010000000C /* XCRemoteSwiftPackageReference "supabase-swift" */ = {
			isa = XCRemoteSwiftPackageReference;
			repositoryURL = "https://github.com/supabase/supabase-swift.git";
			requirement = {
				kind = upToNextMajorVersion;
				minimumVersion = 2.0.0;
			};
		};
/* End XCRemoteSwiftPackageReference section */

/* Begin XCSwiftPackageProductDependency section */
		A10000202F5000010000000C /* Supabase */ = {
			isa = XCSwiftPackageProductDependency;
			productName = Supabase;
			package = A10000212F5000010000000C /* XCRemoteSwiftPackageReference "supabase-swift" */;
		};
/* End XCSwiftPackageProductDependency section */
	};
	rootObject = A10000112F50000100000011 /* Project object */;
}
