// !$*UTF8*$!
{
	archiveVersion = 1;
	classes = {
	};
	objectVersion = 77;
	objects = {

/* Begin PBXContainerItemProxy section */
		C3BF126B2F4CF22000DB9D8D /* PBXContainerItemProxy */ = {
			isa = PBXContainerItemProxy;
			containerPortal = C3BF12552F4CF21F00DB9D8D /* Project object */;
			proxyType = 1;
			remoteGlobalIDString = C3BF125C2F4CF21F00DB9D8D;
			remoteInfo = OpenNoteMVP;
		};
		C3BF12752F4CF22000DB9D8D /* PBXContainerItemProxy */ = {
			isa = PBXContainerItemProxy;
			containerPortal = C3BF12552F4CF21F00DB9D8D /* Project object */;
			proxyType = 1;
			remoteGlobalIDString = C3BF125C2F4CF21F00DB9D8D;
			remoteInfo = OpenNoteMVP;
		};
/* End PBXContainerItemProxy section */

/* Begin PBXFileReference section */
		C3BF125D2F4CF21F00DB9D8D /* OpenNoteMVP.app */ = {isa = PBXFileReference; explicitFileType = wrapper.application; includeInIndex = 0; path = OpenNoteMVP.app; sourceTree = BUILT_PRODUCTS_DIR; };
		C3BF126A2F4CF22000DB9D8D /* OpenNoteMVPTests.xctest */ = {isa = PBXFileReference; explicitFileType = wrapper.cfbundle; includeInIndex = 0; path = OpenNoteMVPTests.xctest; sourceTree = BUILT_PRODUCTS_DIR; };
		C3BF12742F4CF22000DB9D8D /* OpenNoteMVPUITests.xctest */ = {isa = PBXFileReference; explicitFileType = wrapper.cfbundle; includeInIndex = 0; path = OpenNoteMVPUITests.xctest; sourceTree = BUILT_PRODUCTS_DIR; };
/* End PBXFileReference section */

/* Begin PBXFileSystemSynchronizedRootGroup section */
		C3BF125F2F4CF21F00DB9D8D /* OpenNoteMVP */ = {
			isa = PBXFileSystemSynchronizedRootGroup;
			path = OpenNoteMVP;
			sourceTree = "<group>";
		};
		C3BF126D2F4CF22000DB9D8D /* OpenNoteMVPTests */ = {
			isa = PBXFileSystemSynchronizedRootGroup;
			path = OpenNoteMVPTests;
			sourceTree = "<group>";
		};
		C3BF12772F4CF22000DB9D8D /* OpenNoteMVPUITests */ = {
			isa = PBXFileSystemSynchronizedRootGroup;
			path = OpenNoteMVPUITests;
			sourceTree = "<group>";
		};
/* End PBXFileSystemSynchronizedRootGroup section */

/* Begin PBXFrameworksBuildPhase section */
		C3BF125A2F4CF21F00DB9D8D /* Frameworks */ = {
			isa = PBXFrameworksBuildPhase;
			buildActionMask = 2147483647;
			files = (
			);
			runOnlyForDeploymentPostprocessing = 0;
		};
		C3BF12672F4CF22000DB9D8D /* Frameworks */ = {
			isa = PBXFrameworksBuildPhase;
			buildActionMask = 2147483647;
			files = (
			);
			runOnlyForDeploymentPostprocessing = 0;
		};
		C3BF12712F4CF22000DB9D8D /* Frameworks */ = {
			isa = PBXFrameworksBuildPhase;
			buildActionMask = 2147483647;
			files = (
			);
			runOnlyForDeploymentPostprocessing = 0;
		};
/* End PBXFrameworksBuildPhase section */

/* Begin PBXGroup section */
		C3BF12542F4CF21F00DB9D8D = {
			isa = PBXGroup;
			children = (
				C3BF125F2F4CF21F00DB9D8D /* OpenNoteMVP */,
				C3BF126D2F4CF22000DB9D8D /* OpenNoteMVPTests */,
				C3BF12772F4CF22000DB9D8D /* OpenNoteMVPUITests */,
				C3BF125E2F4CF21F00DB9D8D /* Products */,
			);
			sourceTree = "<group>";
		};
		C3BF125E2F4CF21F00DB9D8D /* Products */ = {
			isa = PBXGroup;
			children = (
				C3BF125D2F4CF21F00DB9D8D /* OpenNoteMVP.app */,
				C3BF126A2F4CF22000DB9D8D /* OpenNoteMVPTests.xctest */,
				C3BF12742F4CF22000DB9D8D /* OpenNoteMVPUITests.xctest */,
			);
			name = Products;
			sourceTree = "<group>";
		};
/* End PBXGroup section */

/* Begin PBXNativeTarget section */
		C3BF125C2F4CF21F00DB9D8D /* OpenNoteMVP */ = {
			isa = PBXNativeTarget;
			buildConfigurationList = C3BF127E2F4CF22000DB9D8D /* Build configuration list for PBXNativeTarget "OpenNoteMVP" */;
			buildPhases = (
				C3BF12592F4CF21F00DB9D8D /* Sources */,
				C3BF125A2F4CF21F00DB9D8D /* Frameworks */,
				C3BF125B2F4CF21F00DB9D8D /* Resources */,
			);
			buildRules = (
			);
			dependencies = (
			);
			fileSystemSynchronizedGroups = (
				C3BF125F2F4CF21F00DB9D8D /* OpenNoteMVP */,
			);
			name = OpenNoteMVP;
			packageProductDependencies = (
			);
			productName = OpenNoteMVP;
			productReference = C3BF125D2F4CF21F00DB9D8D /* OpenNoteMVP.app */;
			productType = "com.apple.product-type.application";
		};
		C3BF12692F4CF22000DB9D8D /* OpenNoteMVPTests */ = {
			isa = PBXNativeTarget;
			buildConfigurationList = C3BF12812F4CF22000DB9D8D /* Build configuration list for PBXNativeTarget "OpenNoteMVPTests" */;
			buildPhases = (
				C3BF12662F4CF22000DB9D8D /* Sources */,
				C3BF12672F4CF22000DB9D8D /* Frameworks */,
				C3BF12682F4CF22000DB9D8D /* Resources */,
			);
			buildRules = (
			);
			dependencies = (
				C3BF126C2F4CF22000DB9D8D /* PBXTargetDependency */,
			);
			fileSystemSynchronizedGroups = (
				C3BF126D2F4CF22000DB9D8D /* OpenNoteMVPTests */,
			);
			name = OpenNoteMVPTests;
			packageProductDependencies = (
			);
			productName = OpenNoteMVPTests;
			productReference = C3BF126A2F4CF22000DB9D8D /* OpenNoteMVPTests.xctest */;
			productType = "com.apple.product-type.bundle.unit-test";
		};
		C3BF12732F4CF22000DB9D8D /* OpenNoteMVPUITests */ = {
			isa = PBXNativeTarget;
			buildConfigurationList = C3BF12842F4CF22000DB9D8D /* Build configuration list for PBXNativeTarget "OpenNoteMVPUITests" */;
			buildPhases = (
				C3BF12702F4CF22000DB9D8D /* Sources */,
				C3BF12712F4CF22000DB9D8D /* Frameworks */,
				C3BF12722F4CF22000DB9D8D /* Resources */,
			);
			buildRules = (
			);
			dependencies = (
				C3BF12762F4CF22000DB9D8D /* PBXTargetDependency */,
			);
			fileSystemSynchronizedGroups = (
				C3BF12772F4CF22000DB9D8D /* OpenNoteMVPUITests */,
			);
			name = OpenNoteMVPUITests;
			packageProductDependencies = (
			);
			productName = OpenNoteMVPUITests;
			productReference = C3BF12742F4CF22000DB9D8D /* OpenNoteMVPUITests.xctest */;
			productType = "com.apple.product-type.bundle.ui-testing";
		};
/* End PBXNativeTarget section */

/* Begin PBXProject section */
		C3BF12552F4CF21F00DB9D8D /* Project object */ = {
			isa = PBXProject;
			attributes = {
				BuildIndependentTargetsInParallel = 1;
				LastSwiftUpdateCheck = 2620;
				LastUpgradeCheck = 2620;
				TargetAttributes = {
					C3BF125C2F4CF21F00DB9D8D = {
						CreatedOnToolsVersion = 26.2;
					};
					C3BF12692F4CF22000DB9D8D = {
						CreatedOnToolsVersion = 26.2;
						TestTargetID = C3BF125C2F4CF21F00DB9D8D;
					};
					C3BF12732F4CF22000DB9D8D = {
						CreatedOnToolsVersion = 26.2;
						TestTargetID = C3BF125C2F4CF21F00DB9D8D;
					};
				};
			};
			buildConfigurationList = C3BF12582F4CF21F00DB9D8D /* Build configuration list for PBXProject "OpenNoteMVP" */;
			developmentRegion = en;
			hasScannedForEncodings = 0;
			knownRegions = (
				en,
				Base,
			);
			mainGroup = C3BF12542F4CF21F00DB9D8D;
			minimizedProjectReferenceProxies = 1;
			preferredProjectObjectVersion = 77;
			productRefGroup = C3BF125E2F4CF21F00DB9D8D /* Products */;
			projectDirPath = "";
			projectRoot = "";
			targets = (
				C3BF125C2F4CF21F00DB9D8D /* OpenNoteMVP */,
				C3BF12692F4CF22000DB9D8D /* OpenNoteMVPTests */,
				C3BF12732F4CF22000DB9D8D /* OpenNoteMVPUITests */,
			);
		};
/* End PBXProject section */

/* Begin PBXResourcesBuildPhase section */
		C3BF125B2F4CF21F00DB9D8D /* Resources */ = {
			isa = PBXResourcesBuildPhase;
			buildActionMask = 2147483647;
			files = (
			);
			runOnlyForDeploymentPostprocessing = 0;
		};
		C3BF12682F4CF22000DB9D8D /* Resources */ = {
			isa = PBXResourcesBuildPhase;
			buildActionMask = 2147483647;
			files = (
			);
			runOnlyForDeploymentPostprocessing = 0;
		};
		C3BF12722F4CF22000DB9D8D /* Resources */ = {
			isa = PBXResourcesBuildPhase;
			buildActionMask = 2147483647;
			files = (
			);
			runOnlyForDeploymentPostprocessing = 0;
		};
/* End PBXResourcesBuildPhase section */

/* Begin PBXSourcesBuildPhase section */
		C3BF12592F4CF21F00DB9D8D /* Sources */ = {
			isa = PBXSourcesBuildPhase;
			buildActionMask = 2147483647;
			files = (
			);
			runOnlyForDeploymentPostprocessing = 0;
		};
		C3BF12662F4CF22000DB9D8D /* Sources */ = {
			isa = PBXSourcesBuildPhase;
			buildActionMask = 2147483647;
			files = (
			);
			runOnlyForDeploymentPostprocessing = 0;
		};
		C3BF12702F4CF22000DB9D8D /* Sources */ = {
			isa = PBXSourcesBuildPhase;
			buildActionMask = 2147483647;
			files = (
			);
			runOnlyForDeploymentPostprocessing = 0;
		};
/* End PBXSourcesBuildPhase section */

/* Begin PBXTargetDependency section */
		C3BF126C2F4CF22000DB9D8D /* PBXTargetDependency */ = {
			isa = PBXTargetDependency;
			target = C3BF125C2F4CF21F00DB9D8D /* OpenNoteMVP */;
			targetProxy = C3BF126B2F4CF22000DB9D8D /* PBXContainerItemProxy */;
		};
		C3BF12762F4CF22000DB9D8D /* PBXTargetDependency */ = {
			isa = PBXTargetDependency;
			target = C3BF125C2F4CF21F00DB9D8D /* OpenNoteMVP */;
			targetProxy = C3BF12752F4CF22000DB9D8D /* PBXContainerItemProxy */;
		};
/* End PBXTargetDependency section */

/* Begin XCBuildConfiguration section */
		C3BF127C2F4CF22000DB9D8D /* Debug */ = {
			isa = XCBuildConfiguration;
			buildSettings = {
				ALWAYS_SEARCH_USER_PATHS = NO;
				ASSETCATALOG_COMPILER_GENERATE_SWIFT_ASSET_SYMBOL_EXTENSIONS = YES;
				CLANG_ANALYZER_NONNULL = YES;
				CLANG_ANALYZER_NUMBER_OBJECT_CONVERSION = YES_AGGRESSIVE;
				CLANG_CXX_LANGUAGE_STANDARD = "gnu++20";
				CLANG_ENABLE_MODULES = YES;
				CLANG_ENABLE_OBJC_ARC = YES;
				CLANG_ENABLE_OBJC_WEAK = YES;
				CLANG_WARN_BLOCK_CAPTURE_AUTORELEASING = YES;
				CLANG_WARN_BOOL_CONVERSION = YES;
				CLANG_WARN_COMMA = YES;
				CLANG_WARN_CONSTANT_CONVERSION = YES;
				CLANG_WARN_DEPRECATED_OBJC_IMPLEMENTATIONS = YES;
				CLANG_WARN_DIRECT_OBJC_ISA_USAGE = YES_ERROR;
				CLANG_WARN_DOCUMENTATION_COMMENTS = YES;
				CLANG_WARN_EMPTY_BODY = YES;
				CLANG_WARN_ENUM_CONVERSION = YES;
				CLANG_WARN_INFINITE_RECURSION = YES;
				CLANG_WARN_INT_CONVERSION = YES;
				CLANG_WARN_NON_LITERAL_NULL_CONVERSION = YES;
				CLANG_WARN_OBJC_IMPLICIT_RETAIN_SELF = YES;
				CLANG_WARN_OBJC_LITERAL_CONVERSION = YES;
				CLANG_WARN_OBJC_ROOT_CLASS = YES_ERROR;
				CLANG_WARN_QUOTED_INCLUDE_IN_FRAMEWORK_HEADER = YES;
				CLANG_WARN_RANGE_LOOP_ANALYSIS = YES;
				CLANG_WARN_STRICT_PROTOTYPES = YES;
				CLANG_WARN_SUSPICIOUS_MOVE = YES;
				CLANG_WARN_UNGUARDED_AVAILABILITY = YES_AGGRESSIVE;
				CLANG_WARN_UNREACHABLE_CODE = YES;
				CLANG_WARN__DUPLICATE_METHOD_MATCH = YES;
				COPY_PHASE_STRIP = NO;
				DEBUG_INFORMATION_FORMAT = dwarf;
				DEVELOPMENT_TEAM = 7YVUXL5G2Z;
				ENABLE_STRICT_OBJC_MSGSEND = YES;
				ENABLE_TESTABILITY = YES;
				ENABLE_USER_SCRIPT_SANDBOXING = YES;
				GCC_C_LANGUAGE_STANDARD = gnu17;
				GCC_DYNAMIC_NO_PIC = NO;
				GCC_NO_COMMON_BLOCKS = YES;
				GCC_OPTIMIZATION_LEVEL = 0;
				GCC_PREPROCESSOR_DEFINITIONS = (
					"DEBUG=1",
					"$(inherited)",
				);
				GCC_WARN_64_TO_32_BIT_CONVERSION = YES;
				GCC_WARN_ABOUT_RETURN_TYPE = YES_ERROR;
				GCC_WARN_UNDECLARED_SELECTOR = YES;
				GCC_WARN_UNINITIALIZED_AUTOS = YES_AGGRESSIVE;
				GCC_WARN_UNUSED_FUNCTION = YES;
				GCC_WARN_UNUSED_VARIABLE = YES;
				IPHONEOS_DEPLOYMENT_TARGET = 26.2;
				LOCALIZATION_PREFERS_STRING_CATALOGS = YES;
				MTL_ENABLE_DEBUG_INFO = INCLUDE_SOURCE;
				MTL_FAST_MATH = YES;
				ONLY_ACTIVE_ARCH = YES;
				SDKROOT = iphoneos;
				SWIFT_ACTIVE_COMPILATION_CONDITIONS = "DEBUG $(inherited)";
				SWIFT_OPTIMIZATION_LEVEL = "-Onone";
			};
			name = Debug;
		};
		C3BF127D2F4CF22000DB9D8D /* Release */ = {
			isa = XCBuildConfiguration;
			buildSettings = {
				ALWAYS_SEARCH_USER_PATHS = NO;
				ASSETCATALOG_COMPILER_GENERATE_SWIFT_ASSET_SYMBOL_EXTENSIONS = YES;
				CLANG_ANALYZER_NONNULL = YES;
				CLANG_ANALYZER_NUMBER_OBJECT_CONVERSION = YES_AGGRESSIVE;
				CLANG_CXX_LANGUAGE_STANDARD = "gnu++20";
				CLANG_ENABLE_MODULES = YES;
				CLANG_ENABLE_OBJC_ARC = YES;
				CLANG_ENABLE_OBJC_WEAK = YES;
				CLANG_WARN_BLOCK_CAPTURE_AUTORELEASING = YES;
				CLANG_WARN_BOOL_CONVERSION = YES;
				CLANG_WARN_COMMA = YES;
				CLANG_WARN_CONSTANT_CONVERSION = YES;
				CLANG_WARN_DEPRECATED_OBJC_IMPLEMENTATIONS = YES;
				CLANG_WARN_DIRECT_OBJC_ISA_USAGE = YES_ERROR;
				CLANG_WARN_DOCUMENTATION_COMMENTS = YES;
				CLANG_WARN_EMPTY_BODY = YES;
				CLANG_WARN_ENUM_CONVERSION = YES;
				CLANG_WARN_INFINITE_RECURSION = YES;
				CLANG_WARN_INT_CONVERSION = YES;
				CLANG_WARN_NON_LITERAL_NULL_CONVERSION = YES;
				CLANG_WARN_OBJC_IMPLICIT_RETAIN_SELF = YES;
				CLANG_WARN_OBJC_LITERAL_CONVERSION = YES;
				CLANG_WARN_OBJC_ROOT_CLASS = YES_ERROR;
				CLANG_WARN_QUOTED_INCLUDE_IN_FRAMEWORK_HEADER = YES;
				CLANG_WARN_RANGE_LOOP_ANALYSIS = YES;
				CLANG_WARN_STRICT_PROTOTYPES = YES;
				CLANG_WARN_SUSPICIOUS_MOVE = YES;
				CLANG_WARN_UNGUARDED_AVAILABILITY = YES_AGGRESSIVE;
				CLANG_WARN_UNREACHABLE_CODE = YES;
				CLANG_WARN__DUPLICATE_METHOD_MATCH = YES;
				COPY_PHASE_STRIP = NO;
				DEBUG_INFORMATION_FORMAT = "dwarf-with-dsym";
				DEVELOPMENT_TEAM = 7YVUXL5G2Z;
				ENABLE_NS_ASSERTIONS = NO;
				ENABLE_STRICT_OBJC_MSGSEND = YES;
				ENABLE_USER_SCRIPT_SANDBOXING = YES;
				GCC_C_LANGUAGE_STANDARD = gnu17;
				GCC_NO_COMMON_BLOCKS = YES;
				GCC_WARN_64_TO_32_BIT_CONVERSION = YES;
				GCC_WARN_ABOUT_RETURN_TYPE = YES_ERROR;
				GCC_WARN_UNDECLARED_SELECTOR = YES;
				GCC_WARN_UNINITIALIZED_AUTOS = YES_AGGRESSIVE;
				GCC_WARN_UNUSED_FUNCTION = YES;
				GCC_WARN_UNUSED_VARIABLE = YES;
				IPHONEOS_DEPLOYMENT_TARGET = 26.2;
				LOCALIZATION_PREFERS_STRING_CATALOGS = YES;
				MTL_ENABLE_DEBUG_INFO = NO;
				MTL_FAST_MATH = YES;
				SDKROOT = iphoneos;
				SWIFT_COMPILATION_MODE = wholemodule;
				VALIDATE_PRODUCT = YES;
			};
			name = Release;
		};
		C3BF127F2F4CF22000DB9D8D /* Debug */ = {
			isa = XCBuildConfiguration;
			buildSettings = {
				ASSETCATALOG_COMPILER_APPICON_NAME = AppIcon;
				ASSETCATALOG_COMPILER_GLOBAL_ACCENT_COLOR_NAME = AccentColor;
				CODE_SIGN_STYLE = Automatic;
				CURRENT_PROJECT_VERSION = 1;
				DEVELOPMENT_TEAM = 7YVUXL5G2Z;
				ENABLE_PREVIEWS = YES;
				GENERATE_INFOPLIST_FILE = YES;
				INFOPLIST_KEY_UIApplicationSceneManifest_Generation = YES;
				INFOPLIST_KEY_UIApplicationSupportsIndirectInputEvents = YES;
				INFOPLIST_KEY_UILaunchScreen_Generation = YES;
				INFOPLIST_KEY_UISupportedInterfaceOrientations_iPad = "UIInterfaceOrientationPortrait UIInterfaceOrientationPortraitUpsideDown UIInterfaceOrientationLandscapeLeft UIInterfaceOrientationLandscapeRight";
				INFOPLIST_KEY_UISupportedInterfaceOrientations_iPhone = "UIInterfaceOrientationPortrait UIInterfaceOrientationLandscapeLeft UIInterfaceOrientationLandscapeRight";
				LD_RUNPATH_SEARCH_PATHS = (
					"$(inherited)",
					"@executable_path/Frameworks",
				);
				MARKETING_VERSION = 1.0;
				PRODUCT_BUNDLE_IDENTIFIER = "com.tester-interview.OpenNoteMVP";
				PRODUCT_NAME = "$(TARGET_NAME)";
				STRING_CATALOG_GENERATE_SYMBOLS = YES;
				SWIFT_APPROACHABLE_CONCURRENCY = YES;
				SWIFT_DEFAULT_ACTOR_ISOLATION = MainActor;
				SWIFT_EMIT_LOC_STRINGS = YES;
				SWIFT_UPCOMING_FEATURE_MEMBER_IMPORT_VISIBILITY = YES;
				SWIFT_VERSION = 5.0;
				TARGETED_DEVICE_FAMILY = "1,2";
			};
			name = Debug;
		};
		C3BF12802F4CF22000DB9D8D /* Release */ = {
			isa = XCBuildConfiguration;
			buildSettings = {
				ASSETCATALOG_COMPILER_APPICON_NAME = AppIcon;
				ASSETCATALOG_COMPILER_GLOBAL_ACCENT_COLOR_NAME = AccentColor;
				CODE_SIGN_STYLE = Automatic;
				CURRENT_PROJECT_VERSION = 1;
				DEVELOPMENT_TEAM = 7YVUXL5G2Z;
				ENABLE_PREVIEWS = YES;
				GENERATE_INFOPLIST_FILE = YES;
				INFOPLIST_KEY_UIApplicationSceneManifest_Generation = YES;
				INFOPLIST_KEY_UIApplicationSupportsIndirectInputEvents = YES;
				INFOPLIST_KEY_UILaunchScreen_Generation = YES;
				INFOPLIST_KEY_UISupportedInterfaceOrientations_iPad = "UIInterfaceOrientationPortrait UIInterfaceOrientationPortraitUpsideDown UIInterfaceOrientationLandscapeLeft UIInterfaceOrientationLandscapeRight";
				INFOPLIST_KEY_UISupportedInterfaceOrientations_iPhone = "UIInterfaceOrientationPortrait UIInterfaceOrientationLandscapeLeft UIInterfaceOrientationLandscapeRight";
				LD_RUNPATH_SEARCH_PATHS = (
					"$(inherited)",
					"@executable_path/Frameworks",
				);
				MARKETING_VERSION = 1.0;
				PRODUCT_BUNDLE_IDENTIFIER = "com.tester-interview.OpenNoteMVP";
				PRODUCT_NAME = "$(TARGET_NAME)";
				STRING_CATALOG_GENERATE_SYMBOLS = YES;
				SWIFT_APPROACHABLE_CONCURRENCY = YES;
				SWIFT_DEFAULT_ACTOR_ISOLATION = MainActor;
				SWIFT_EMIT_LOC_STRINGS = YES;
				SWIFT_UPCOMING_FEATURE_MEMBER_IMPORT_VISIBILITY = YES;
				SWIFT_VERSION = 5.0;
				TARGETED_DEVICE_FAMILY = "1,2";
			};
			name = Release;
		};
		C3BF12822F4CF22000DB9D8D /* Debug */ = {
			isa = XCBuildConfiguration;
			buildSettings = {
				BUNDLE_LOADER = "$(TEST_HOST)";
				CODE_SIGN_STYLE = Automatic;
				CURRENT_PROJECT_VERSION = 1;
				DEVELOPMENT_TEAM = 7YVUXL5G2Z;
				GENERATE_INFOPLIST_FILE = YES;
				IPHONEOS_DEPLOYMENT_TARGET = 26.2;
				MARKETING_VERSION = 1.0;
				PRODUCT_BUNDLE_IDENTIFIER = "com.tester-interview.OpenNoteMVPTests";
				PRODUCT_NAME = "$(TARGET_NAME)";
				STRING_CATALOG_GENERATE_SYMBOLS = NO;
				SWIFT_APPROACHABLE_CONCURRENCY = YES;
				SWIFT_EMIT_LOC_STRINGS = NO;
				SWIFT_UPCOMING_FEATURE_MEMBER_IMPORT_VISIBILITY = YES;
				SWIFT_VERSION = 5.0;
				TARGETED_DEVICE_FAMILY = "1,2";
				TEST_HOST = "$(BUILT_PRODUCTS_DIR)/OpenNoteMVP.app/$(BUNDLE_EXECUTABLE_FOLDER_PATH)/OpenNoteMVP";
			};
			name = Debug;
		};
		C3BF12832F4CF22000DB9D8D /* Release */ = {
			isa = XCBuildConfiguration;
			buildSettings = {
				BUNDLE_LOADER = "$(TEST_HOST)";
				CODE_SIGN_STYLE = Automatic;
				CURRENT_PROJECT_VERSION = 1;
				DEVELOPMENT_TEAM = 7YVUXL5G2Z;
				GENERATE_INFOPLIST_FILE = YES;
				IPHONEOS_DEPLOYMENT_TARGET = 26.2;
				MARKETING_VERSION = 1.0;
				PRODUCT_BUNDLE_IDENTIFIER = "com.tester-interview.OpenNoteMVPTests";
				PRODUCT_NAME = "$(TARGET_NAME)";
				STRING_CATALOG_GENERATE_SYMBOLS = NO;
				SWIFT_APPROACHABLE_CONCURRENCY = YES;
				SWIFT_EMIT_LOC_STRINGS = NO;
				SWIFT_UPCOMING_FEATURE_MEMBER_IMPORT_VISIBILITY = YES;
				SWIFT_VERSION = 5.0;
				TARGETED_DEVICE_FAMILY = "1,2";
				TEST_HOST = "$(BUILT_PRODUCTS_DIR)/OpenNoteMVP.app/$(BUNDLE_EXECUTABLE_FOLDER_PATH)/OpenNoteMVP";
			};
			name = Release;
		};
		C3BF12852F4CF22000DB9D8D /* Debug */ = {
			isa = XCBuildConfiguration;
			buildSettings = {
				CODE_SIGN_STYLE = Automatic;
				CURRENT_PROJECT_VERSION = 1;
				DEVELOPMENT_TEAM = 7YVUXL5G2Z;
				GENERATE_INFOPLIST_FILE = YES;
				MARKETING_VERSION = 1.0;
				PRODUCT_BUNDLE_IDENTIFIER = "com.tester-interview.OpenNoteMVPUITests";
				PRODUCT_NAME = "$(TARGET_NAME)";
				STRING_CATALOG_GENERATE_SYMBOLS = NO;
				SWIFT_APPROACHABLE_CONCURRENCY = YES;
				SWIFT_EMIT_LOC_STRINGS = NO;
				SWIFT_UPCOMING_FEATURE_MEMBER_IMPORT_VISIBILITY = YES;
				SWIFT_VERSION = 5.0;
				TARGETED_DEVICE_FAMILY = "1,2";
				TEST_TARGET_NAME = OpenNoteMVP;
			};
			name = Debug;
		};
		C3BF12862F4CF22000DB9D8D /* Release */ = {
			isa = XCBuildConfiguration;
			buildSettings = {
				CODE_SIGN_STYLE = Automatic;
				CURRENT_PROJECT_VERSION = 1;
				DEVELOPMENT_TEAM = 7YVUXL5G2Z;
				GENERATE_INFOPLIST_FILE = YES;
				MARKETING_VERSION = 1.0;
				PRODUCT_BUNDLE_IDENTIFIER = "com.tester-interview.OpenNoteMVPUITests";
				PRODUCT_NAME = "$(TARGET_NAME)";
				STRING_CATALOG_GENERATE_SYMBOLS = NO;
				SWIFT_APPROACHABLE_CONCURRENCY = YES;
				SWIFT_EMIT_LOC_STRINGS = NO;
				SWIFT_UPCOMING_FEATURE_MEMBER_IMPORT_VISIBILITY = YES;
				SWIFT_VERSION = 5.0;
				TARGETED_DEVICE_FAMILY = "1,2";
				TEST_TARGET_NAME = OpenNoteMVP;
			};
			name = Release;
		};
/* End XCBuildConfiguration section */

/* Begin XCConfigurationList section */
		C3BF12582F4CF21F00DB9D8D /* Build configuration list for PBXProject "OpenNoteMVP" */ = {
			isa = XCConfigurationList;
			buildConfigurations = (
				C3BF127C2F4CF22000DB9D8D /* Debug */,
				C3BF127D2F4CF22000DB9D8D /* Release */,
			);
			defaultConfigurationIsVisible = 0;
			defaultConfigurationName = Release;
		};
		C3BF127E2F4CF22000DB9D8D /* Build configuration list for PBXNativeTarget "OpenNoteMVP" */ = {
			isa = XCConfigurationList;
			buildConfigurations = (
				C3BF127F2F4CF22000DB9D8D /* Debug */,
				C3BF12802F4CF22000DB9D8D /* Release */,
			);
			defaultConfigurationIsVisible = 0;
			defaultConfigurationName = Release;
		};
		C3BF12812F4CF22000DB9D8D /* Build configuration list for PBXNativeTarget "OpenNoteMVPTests" */ = {
			isa = XCConfigurationList;
			buildConfigurations = (
				C3BF12822F4CF22000DB9D8D /* Debug */,
				C3BF12832F4CF22000DB9D8D /* Release */,
			);
			defaultConfigurationIsVisible = 0;
			defaultConfigurationName = Release;
		};
		C3BF12842F4CF22000DB9D8D /* Build configuration list for PBXNativeTarget "OpenNoteMVPUITests" */ = {
			isa = XCConfigurationList;
			buildConfigurations = (
				C3BF12852F4CF22000DB9D8D /* Debug */,
				C3BF12862F4CF22000DB9D8D /* Release */,
			);
			defaultConfigurationIsVisible = 0;
			defaultConfigurationName = Release;
		};
/* End XCConfigurationList section */
	};
	rootObject = C3BF12552F4CF21F00DB9D8D /* Project object */;
}
