// !$*UTF8*$!
{
	archiveVersion = 1;
	classes = {
	};
	objectVersion = 56;
	objects = {

/* Begin PBXBuildFile section */
		B2000001 /* OpennoteApp.swift in Sources */ = {isa = PBXBuildFile; fileRef = B2000101 /* OpennoteApp.swift */; };
		B2000002 /* Colors.swift in Sources */ = {isa = PBXBuildFile; fileRef = B2000102 /* Colors.swift */; };
		B2000003 /* Typography.swift in Sources */ = {isa = PBXBuildFile; fileRef = B2000103 /* Typography.swift */; };
		B2000004 /* CardStyle.swift in Sources */ = {isa = PBXBuildFile; fileRef = B2000104 /* CardStyle.swift */; };
		B2000005 /* Journal.swift in Sources */ = {isa = PBXBuildFile; fileRef = B2000105 /* Journal.swift */; };
		B2000006 /* Paper.swift in Sources */ = {isa = PBXBuildFile; fileRef = B2000106 /* Paper.swift */; };
		B2000007 /* AppViewModel.swift in Sources */ = {isa = PBXBuildFile; fileRef = B2000107 /* AppViewModel.swift */; };
		B2000008 /* SplashView.swift in Sources */ = {isa = PBXBuildFile; fileRef = B2000108 /* SplashView.swift */; };
		B2000029 /* AppLoadView.swift in Sources */ = {isa = PBXBuildFile; fileRef = B2000129 /* AppLoadView.swift */; };
		B2000009 /* LoginView.swift in Sources */ = {isa = PBXBuildFile; fileRef = B2000109 /* LoginView.swift */; };
		B200000A /* OnboardingView.swift in Sources */ = {isa = PBXBuildFile; fileRef = B200010A /* OnboardingView.swift */; };
		B200000B /* RootView.swift in Sources */ = {isa = PBXBuildFile; fileRef = B200010B /* RootView.swift */; };
		B200000C /* MainContainerView.swift in Sources */ = {isa = PBXBuildFile; fileRef = B200010C /* MainContainerView.swift */; };
		B200000D /* SidebarView.swift in Sources */ = {isa = PBXBuildFile; fileRef = B200010D /* SidebarView.swift */; };
		B200000E /* HomeView.swift in Sources */ = {isa = PBXBuildFile; fileRef = B200010E /* HomeView.swift */; };
		B200000F /* InboxView.swift in Sources */ = {isa = PBXBuildFile; fileRef = B200010F /* InboxView.swift */; };
		B2000010 /* JournalEditorView.swift in Sources */ = {isa = PBXBuildFile; fileRef = B2000110 /* JournalEditorView.swift */; };
		B2000011 /* NoteBlock.swift in Sources */ = {isa = PBXBuildFile; fileRef = B2000111 /* NoteBlock.swift */; };
		B2000012 /* JournalEditorViewModel.swift in Sources */ = {isa = PBXBuildFile; fileRef = B2000112 /* JournalEditorViewModel.swift */; };
		B2000049 /* BlockRowView.swift in Sources */ = {isa = PBXBuildFile; fileRef = B2000113 /* BlockRowView.swift */; };
		B2000014 /* ParagraphBlockView.swift in Sources */ = {isa = PBXBuildFile; fileRef = B2000114 /* ParagraphBlockView.swift */; };
		B2000015 /* HeadingBlockView.swift in Sources */ = {isa = PBXBuildFile; fileRef = B2000115 /* HeadingBlockView.swift */; };
		B2000016 /* BulletListBlockView.swift in Sources */ = {isa = PBXBuildFile; fileRef = B2000116 /* BulletListBlockView.swift */; };
		B2000017 /* NumberedListBlockView.swift in Sources */ = {isa = PBXBuildFile; fileRef = B2000117 /* NumberedListBlockView.swift */; };
		B2000018 /* CodeCardBlockView.swift in Sources */ = {isa = PBXBuildFile; fileRef = B2000118 /* CodeCardBlockView.swift */; };
		B200002B /* CalloutBlockView.swift in Sources */ = {isa = PBXBuildFile; fileRef = B200012B /* CalloutBlockView.swift */; };
		B200002C /* TodoBlockView.swift in Sources */ = {isa = PBXBuildFile; fileRef = B200012C /* TodoBlockView.swift */; };
		B200002D /* DividerBlockView.swift in Sources */ = {isa = PBXBuildFile; fileRef = B200012D /* DividerBlockView.swift */; };
		B2000019 /* AIPromptBlockView.swift in Sources */ = {isa = PBXBuildFile; fileRef = B2000119 /* AIPromptBlockView.swift */; };
		B200001A /* OpenAIConfig.swift in Sources */ = {isa = PBXBuildFile; fileRef = B200011A /* OpenAIConfig.swift */; };
		B200001B /* OpenAIService.swift in Sources */ = {isa = PBXBuildFile; fileRef = B200011B /* OpenAIService.swift */; };
		B200002A /* CodeExecutionService.swift in Sources */ = {isa = PBXBuildFile; fileRef = B200012A /* CodeExecutionService.swift */; };
		B200001C /* PaperEditorView.swift in Sources */ = {isa = PBXBuildFile; fileRef = B200011C /* PaperEditorView.swift */; };
		B200001D /* TutorialView.swift in Sources */ = {isa = PBXBuildFile; fileRef = B200011D /* TutorialView.swift */; };
		B200001E /* Haptics.swift in Sources */ = {isa = PBXBuildFile; fileRef = B200011E /* Haptics.swift */; };
		B200001F /* NotesStore.swift in Sources */ = {isa = PBXBuildFile; fileRef = B200011F /* NotesStore.swift */; };
		B2000020 /* Toast.swift in Sources */ = {isa = PBXBuildFile; fileRef = B2000120 /* Toast.swift */; };
		B2000021 /* GraphBlockView.swift in Sources */ = {isa = PBXBuildFile; fileRef = B2000121 /* GraphBlockView.swift */; };
		B2000022 /* MathBlockView.swift in Sources */ = {isa = PBXBuildFile; fileRef = B2000122 /* MathBlockView.swift */; };
		B2000023 /* JournalSettingsSheet.swift in Sources */ = {isa = PBXBuildFile; fileRef = B2000123 /* JournalSettingsSheet.swift */; };
		B2000024 /* PaperTemplate.swift in Sources */ = {isa = PBXBuildFile; fileRef = B2000124 /* PaperTemplate.swift */; };
		B2000025 /* PaperSettingsSheet.swift in Sources */ = {isa = PBXBuildFile; fileRef = B2000125 /* PaperSettingsSheet.swift */; };
		B2000026 /* AppSettings.swift in Sources */ = {isa = PBXBuildFile; fileRef = B2000126 /* AppSettings.swift */; };
		B2000027 /* SettingsComponents.swift in Sources */ = {isa = PBXBuildFile; fileRef = B2000127 /* SettingsComponents.swift */; };
		B2000028 /* UpgradeSheet.swift in Sources */ = {isa = PBXBuildFile; fileRef = B2000128 /* UpgradeSheet.swift */; };
		B2000030 /* Assets.xcassets in Resources */ = {isa = PBXBuildFile; fileRef = B2000130 /* Assets.xcassets */; };
		B2000031 /* SlashCommand.swift in Sources */ = {isa = PBXBuildFile; fileRef = B2000131 /* SlashCommand.swift */; };
		B2000032 /* SlashCommandPaletteView.swift in Sources */ = {isa = PBXBuildFile; fileRef = B2000132 /* SlashCommandPaletteView.swift */; };
		B2000033 /* FlashcardBlockView.swift in Sources */ = {isa = PBXBuildFile; fileRef = B2000133 /* FlashcardBlockView.swift */; };
		B2000034 /* PracticeProblemsBlockView.swift in Sources */ = {isa = PBXBuildFile; fileRef = B2000134 /* PracticeProblemsBlockView.swift */; };
		B2000035 /* PhotoToTextView.swift in Sources */ = {isa = PBXBuildFile; fileRef = B2000135 /* PhotoToTextView.swift */; };
		B2000036 /* InsertionMode.swift in Sources */ = {isa = PBXBuildFile; fileRef = B2000144 /* InsertionMode.swift */; };
		B2000037 /* ScanSessionModel.swift in Sources */ = {isa = PBXBuildFile; fileRef = B2000145 /* ScanSessionModel.swift */; };
		B2000038 /* ImagePreprocessor.swift in Sources */ = {isa = PBXBuildFile; fileRef = B2000146 /* ImagePreprocessor.swift */; };
		B2000039 /* DocumentScannerView.swift in Sources */ = {isa = PBXBuildFile; fileRef = B2000147 /* DocumentScannerView.swift */; };
		B200003A /* ScanResultView.swift in Sources */ = {isa = PBXBuildFile; fileRef = B2000148 /* ScanResultView.swift */; };
		B200003B /* PhotoToTextButton.swift in Sources */ = {isa = PBXBuildFile; fileRef = B2000149 /* PhotoToTextButton.swift */; };
		B200003C /* VisionOCRService.swift in Sources */ = {isa = PBXBuildFile; fileRef = B200014A /* VisionOCRService.swift */; };
		B200003D /* OpenAIVisionService.swift in Sources */ = {isa = PBXBuildFile; fileRef = B200014B /* OpenAIVisionService.swift */; };
		B200003E /* KeyboardDismissAccessory.swift in Sources */ = {isa = PBXBuildFile; fileRef = B200014C /* KeyboardDismissAccessory.swift */; };
		B200003F /* FeynmanChatBar.swift in Sources */ = {isa = PBXBuildFile; fileRef = B200014D /* FeynmanChatBar.swift */; };
		B2000040 /* FeynmanChatBarViewModel.swift in Sources */ = {isa = PBXBuildFile; fileRef = B200014E /* FeynmanChatBarViewModel.swift */; };
		B2000041 /* FeynmanPlusSheet.swift in Sources */ = {isa = PBXBuildFile; fileRef = B200014F /* FeynmanPlusSheet.swift */; };
		B2000042 /* FeynmanModeSheet.swift in Sources */ = {isa = PBXBuildFile; fileRef = B2000150 /* FeynmanModeSheet.swift */; };
		B2000043 /* FeynmanInsertFromJournalSheet.swift in Sources */ = {isa = PBXBuildFile; fileRef = B2000151 /* FeynmanInsertFromJournalSheet.swift */; };
		B2000044 /* DocumentPickerView.swift in Sources */ = {isa = PBXBuildFile; fileRef = B2000152 /* DocumentPickerView.swift */; };
		B2000045 /* CameraImagePickerForBar.swift in Sources */ = {isa = PBXBuildFile; fileRef = B2000153 /* CameraImagePickerForBar.swift */; };
		B2000046 /* SpeechToTextService.swift in Sources */ = {isa = PBXBuildFile; fileRef = B2000154 /* SpeechToTextService.swift */; };
		B2000047 /* VoiceInputSheet.swift in Sources */ = {isa = PBXBuildFile; fileRef = B2000155 /* VoiceInputSheet.swift */; };
		B2000048 /* JournalKeyboardAccessory.swift in Sources */ = {isa = PBXBuildFile; fileRef = B2000156 /* JournalKeyboardAccessory.swift */; };
		B2000157 /* KeyboardObserver.swift in Sources */ = {isa = PBXBuildFile; fileRef = B2000159 /* KeyboardObserver.swift */; };
		B2000158 /* ParagraphTextView.swift in Sources */ = {isa = PBXBuildFile; fileRef = B200015A /* ParagraphTextView.swift */; };
		B2000162 /* ListItemField.swift in Sources */ = {isa = PBXBuildFile; fileRef = B2000163 /* ListItemField.swift */; };
		B200005A /* FeynmanChatMessage.swift in Sources */ = {isa = PBXBuildFile; fileRef = B200015B /* FeynmanChatMessage.swift */; };
		B200005B /* FeynmanConversationViewModel.swift in Sources */ = {isa = PBXBuildFile; fileRef = B200015C /* FeynmanConversationViewModel.swift */; };
		B200005C /* FeynmanChatView.swift in Sources */ = {isa = PBXBuildFile; fileRef = B200015D /* FeynmanChatView.swift */; };
		B2000059 /* NotesRecorderSheet.swift in Sources */ = {isa = PBXBuildFile; fileRef = B200015E /* NotesRecorderSheet.swift */; };
/* End PBXBuildFile section */

/* Begin PBXFileReference section */
		B20000F0 /* Opennote.app */ = {isa = PBXFileReference; explicitFileType = wrapper.application; includeInIndex = 0; path = Opennote.app; sourceTree = BUILT_PRODUCTS_DIR; };
		B2000101 /* OpennoteApp.swift */ = {isa = PBXFileReference; lastKnownFileType = sourcecode.swift; path = OpennoteApp.swift; sourceTree = "<group>"; };
		B2000102 /* Colors.swift */ = {isa = PBXFileReference; lastKnownFileType = sourcecode.swift; path = Colors.swift; sourceTree = "<group>"; };
		B2000103 /* Typography.swift */ = {isa = PBXFileReference; lastKnownFileType = sourcecode.swift; path = Typography.swift; sourceTree = "<group>"; };
		B2000104 /* CardStyle.swift */ = {isa = PBXFileReference; lastKnownFileType = sourcecode.swift; path = CardStyle.swift; sourceTree = "<group>"; };
		B2000105 /* Journal.swift */ = {isa = PBXFileReference; lastKnownFileType = sourcecode.swift; path = Journal.swift; sourceTree = "<group>"; };
		B2000106 /* Paper.swift */ = {isa = PBXFileReference; lastKnownFileType = sourcecode.swift; path = Paper.swift; sourceTree = "<group>"; };
		B2000107 /* AppViewModel.swift */ = {isa = PBXFileReference; lastKnownFileType = sourcecode.swift; path = AppViewModel.swift; sourceTree = "<group>"; };
		B2000108 /* SplashView.swift */ = {isa = PBXFileReference; lastKnownFileType = sourcecode.swift; path = SplashView.swift; sourceTree = "<group>"; };
		B2000129 /* AppLoadView.swift */ = {isa = PBXFileReference; lastKnownFileType = sourcecode.swift; path = AppLoadView.swift; sourceTree = "<group>"; };
		B2000109 /* LoginView.swift */ = {isa = PBXFileReference; lastKnownFileType = sourcecode.swift; path = LoginView.swift; sourceTree = "<group>"; };
		B200010A /* OnboardingView.swift */ = {isa = PBXFileReference; lastKnownFileType = sourcecode.swift; path = OnboardingView.swift; sourceTree = "<group>"; };
		B200010B /* RootView.swift */ = {isa = PBXFileReference; lastKnownFileType = sourcecode.swift; path = RootView.swift; sourceTree = "<group>"; };
		B200010C /* MainContainerView.swift */ = {isa = PBXFileReference; lastKnownFileType = sourcecode.swift; path = MainContainerView.swift; sourceTree = "<group>"; };
		B200010D /* SidebarView.swift */ = {isa = PBXFileReference; lastKnownFileType = sourcecode.swift; path = SidebarView.swift; sourceTree = "<group>"; };
		B200010E /* HomeView.swift */ = {isa = PBXFileReference; lastKnownFileType = sourcecode.swift; path = HomeView.swift; sourceTree = "<group>"; };
		B200010F /* InboxView.swift */ = {isa = PBXFileReference; lastKnownFileType = sourcecode.swift; path = InboxView.swift; sourceTree = "<group>"; };
		B2000110 /* JournalEditorView.swift */ = {isa = PBXFileReference; lastKnownFileType = sourcecode.swift; path = JournalEditorView.swift; sourceTree = "<group>"; };
		B2000111 /* NoteBlock.swift */ = {isa = PBXFileReference; lastKnownFileType = sourcecode.swift; path = NoteBlock.swift; sourceTree = "<group>"; };
		B2000112 /* JournalEditorViewModel.swift */ = {isa = PBXFileReference; lastKnownFileType = sourcecode.swift; path = JournalEditorViewModel.swift; sourceTree = "<group>"; };
		B2000113 /* BlockRowView.swift */ = {isa = PBXFileReference; lastKnownFileType = sourcecode.swift; path = BlockRowView.swift; sourceTree = "<group>"; };
		B2000114 /* ParagraphBlockView.swift */ = {isa = PBXFileReference; lastKnownFileType = sourcecode.swift; path = ParagraphBlockView.swift; sourceTree = "<group>"; };
		B2000115 /* HeadingBlockView.swift */ = {isa = PBXFileReference; lastKnownFileType = sourcecode.swift; path = HeadingBlockView.swift; sourceTree = "<group>"; };
		B2000116 /* BulletListBlockView.swift */ = {isa = PBXFileReference; lastKnownFileType = sourcecode.swift; path = BulletListBlockView.swift; sourceTree = "<group>"; };
		B2000117 /* NumberedListBlockView.swift */ = {isa = PBXFileReference; lastKnownFileType = sourcecode.swift; path = NumberedListBlockView.swift; sourceTree = "<group>"; };
		B2000118 /* CodeCardBlockView.swift */ = {isa = PBXFileReference; lastKnownFileType = sourcecode.swift; path = CodeCardBlockView.swift; sourceTree = "<group>"; };
		B200012B /* CalloutBlockView.swift */ = {isa = PBXFileReference; lastKnownFileType = sourcecode.swift; path = CalloutBlockView.swift; sourceTree = "<group>"; };
		B200012C /* TodoBlockView.swift */ = {isa = PBXFileReference; lastKnownFileType = sourcecode.swift; path = TodoBlockView.swift; sourceTree = "<group>"; };
		B200012D /* DividerBlockView.swift */ = {isa = PBXFileReference; lastKnownFileType = sourcecode.swift; path = DividerBlockView.swift; sourceTree = "<group>"; };
		B2000119 /* AIPromptBlockView.swift */ = {isa = PBXFileReference; lastKnownFileType = sourcecode.swift; path = AIPromptBlockView.swift; sourceTree = "<group>"; };
		B200011A /* OpenAIConfig.swift */ = {isa = PBXFileReference; lastKnownFileType = sourcecode.swift; path = OpenAIConfig.swift; sourceTree = "<group>"; };
		B200011B /* OpenAIService.swift */ = {isa = PBXFileReference; lastKnownFileType = sourcecode.swift; path = OpenAIService.swift; sourceTree = "<group>"; };
		B200012A /* CodeExecutionService.swift */ = {isa = PBXFileReference; lastKnownFileType = sourcecode.swift; path = CodeExecutionService.swift; sourceTree = "<group>"; };
		B200011C /* PaperEditorView.swift */ = {isa = PBXFileReference; lastKnownFileType = sourcecode.swift; path = PaperEditorView.swift; sourceTree = "<group>"; };
		B200011D /* TutorialView.swift */ = {isa = PBXFileReference; lastKnownFileType = sourcecode.swift; path = TutorialView.swift; sourceTree = "<group>"; };
		B200011E /* Haptics.swift */ = {isa = PBXFileReference; lastKnownFileType = sourcecode.swift; path = Haptics.swift; sourceTree = "<group>"; };
		B200011F /* NotesStore.swift */ = {isa = PBXFileReference; lastKnownFileType = sourcecode.swift; path = NotesStore.swift; sourceTree = "<group>"; };
		B2000120 /* Toast.swift */ = {isa = PBXFileReference; lastKnownFileType = sourcecode.swift; path = Toast.swift; sourceTree = "<group>"; };
		B2000121 /* GraphBlockView.swift */ = {isa = PBXFileReference; lastKnownFileType = sourcecode.swift; path = GraphBlockView.swift; sourceTree = "<group>"; };
		B2000122 /* MathBlockView.swift */ = {isa = PBXFileReference; lastKnownFileType = sourcecode.swift; path = MathBlockView.swift; sourceTree = "<group>"; };
		B2000123 /* JournalSettingsSheet.swift */ = {isa = PBXFileReference; lastKnownFileType = sourcecode.swift; path = JournalSettingsSheet.swift; sourceTree = "<group>"; };
		B2000124 /* PaperTemplate.swift */ = {isa = PBXFileReference; lastKnownFileType = sourcecode.swift; path = PaperTemplate.swift; sourceTree = "<group>"; };
		B2000125 /* PaperSettingsSheet.swift */ = {isa = PBXFileReference; lastKnownFileType = sourcecode.swift; path = PaperSettingsSheet.swift; sourceTree = "<group>"; };
		B2000126 /* AppSettings.swift */ = {isa = PBXFileReference; lastKnownFileType = sourcecode.swift; path = AppSettings.swift; sourceTree = "<group>"; };
		B2000127 /* SettingsComponents.swift */ = {isa = PBXFileReference; lastKnownFileType = sourcecode.swift; path = SettingsComponents.swift; sourceTree = "<group>"; };
		B2000128 /* UpgradeSheet.swift */ = {isa = PBXFileReference; lastKnownFileType = sourcecode.swift; path = UpgradeSheet.swift; sourceTree = "<group>"; };
		B2000131 /* SlashCommand.swift */ = {isa = PBXFileReference; lastKnownFileType = sourcecode.swift; path = SlashCommand.swift; sourceTree = "<group>"; };
		B2000132 /* SlashCommandPaletteView.swift */ = {isa = PBXFileReference; lastKnownFileType = sourcecode.swift; path = SlashCommandPaletteView.swift; sourceTree = "<group>"; };
		B2000133 /* FlashcardBlockView.swift */ = {isa = PBXFileReference; lastKnownFileType = sourcecode.swift; path = FlashcardBlockView.swift; sourceTree = "<group>"; };
		B2000134 /* PracticeProblemsBlockView.swift */ = {isa = PBXFileReference; lastKnownFileType = sourcecode.swift; path = PracticeProblemsBlockView.swift; sourceTree = "<group>"; };
		B2000135 /* PhotoToTextView.swift */ = {isa = PBXFileReference; lastKnownFileType = sourcecode.swift; path = PhotoToTextView.swift; sourceTree = "<group>"; };
		B2000144 /* InsertionMode.swift */ = {isa = PBXFileReference; lastKnownFileType = sourcecode.swift; path = InsertionMode.swift; sourceTree = "<group>"; };
		B2000145 /* ScanSessionModel.swift */ = {isa = PBXFileReference; lastKnownFileType = sourcecode.swift; path = ScanSessionModel.swift; sourceTree = "<group>"; };
		B2000146 /* ImagePreprocessor.swift */ = {isa = PBXFileReference; lastKnownFileType = sourcecode.swift; path = ImagePreprocessor.swift; sourceTree = "<group>"; };
		B2000147 /* DocumentScannerView.swift */ = {isa = PBXFileReference; lastKnownFileType = sourcecode.swift; path = DocumentScannerView.swift; sourceTree = "<group>"; };
		B2000148 /* ScanResultView.swift */ = {isa = PBXFileReference; lastKnownFileType = sourcecode.swift; path = ScanResultView.swift; sourceTree = "<group>"; };
		B2000149 /* PhotoToTextButton.swift */ = {isa = PBXFileReference; lastKnownFileType = sourcecode.swift; path = PhotoToTextButton.swift; sourceTree = "<group>"; };
		B200014A /* VisionOCRService.swift */ = {isa = PBXFileReference; lastKnownFileType = sourcecode.swift; path = VisionOCRService.swift; sourceTree = "<group>"; };
		B200014B /* OpenAIVisionService.swift */ = {isa = PBXFileReference; lastKnownFileType = sourcecode.swift; path = OpenAIVisionService.swift; sourceTree = "<group>"; };
		B200014C /* KeyboardDismissAccessory.swift */ = {isa = PBXFileReference; lastKnownFileType = sourcecode.swift; path = KeyboardDismissAccessory.swift; sourceTree = "<group>"; };
		B200014D /* FeynmanChatBar.swift */ = {isa = PBXFileReference; lastKnownFileType = sourcecode.swift; path = FeynmanChatBar.swift; sourceTree = "<group>"; };
		B200014E /* FeynmanChatBarViewModel.swift */ = {isa = PBXFileReference; lastKnownFileType = sourcecode.swift; path = FeynmanChatBarViewModel.swift; sourceTree = "<group>"; };
		B200014F /* FeynmanPlusSheet.swift */ = {isa = PBXFileReference; lastKnownFileType = sourcecode.swift; path = FeynmanPlusSheet.swift; sourceTree = "<group>"; };
		B2000150 /* FeynmanModeSheet.swift */ = {isa = PBXFileReference; lastKnownFileType = sourcecode.swift; path = FeynmanModeSheet.swift; sourceTree = "<group>"; };
		B2000151 /* FeynmanInsertFromJournalSheet.swift */ = {isa = PBXFileReference; lastKnownFileType = sourcecode.swift; path = FeynmanInsertFromJournalSheet.swift; sourceTree = "<group>"; };
		B2000152 /* DocumentPickerView.swift */ = {isa = PBXFileReference; lastKnownFileType = sourcecode.swift; path = DocumentPickerView.swift; sourceTree = "<group>"; };
		B2000153 /* CameraImagePickerForBar.swift */ = {isa = PBXFileReference; lastKnownFileType = sourcecode.swift; path = CameraImagePickerForBar.swift; sourceTree = "<group>"; };
		B2000154 /* SpeechToTextService.swift */ = {isa = PBXFileReference; lastKnownFileType = sourcecode.swift; path = SpeechToTextService.swift; sourceTree = "<group>"; };
		B2000155 /* VoiceInputSheet.swift */ = {isa = PBXFileReference; lastKnownFileType = sourcecode.swift; path = VoiceInputSheet.swift; sourceTree = "<group>"; };
		B2000156 /* JournalKeyboardAccessory.swift */ = {isa = PBXFileReference; lastKnownFileType = sourcecode.swift; path = JournalKeyboardAccessory.swift; sourceTree = "<group>"; };
		B2000159 /* KeyboardObserver.swift */ = {isa = PBXFileReference; lastKnownFileType = sourcecode.swift; path = KeyboardObserver.swift; sourceTree = "<group>"; };
		B200015A /* ParagraphTextView.swift */ = {isa = PBXFileReference; lastKnownFileType = sourcecode.swift; path = ParagraphTextView.swift; sourceTree = "<group>"; };
		B2000163 /* ListItemField.swift */ = {isa = PBXFileReference; lastKnownFileType = sourcecode.swift; path = ListItemField.swift; sourceTree = "<group>"; };
		B200015B /* FeynmanChatMessage.swift */ = {isa = PBXFileReference; lastKnownFileType = sourcecode.swift; path = FeynmanChatMessage.swift; sourceTree = "<group>"; };
		B200015C /* FeynmanConversationViewModel.swift */ = {isa = PBXFileReference; lastKnownFileType = sourcecode.swift; path = FeynmanConversationViewModel.swift; sourceTree = "<group>"; };
		B200015D /* FeynmanChatView.swift */ = {isa = PBXFileReference; lastKnownFileType = sourcecode.swift; path = FeynmanChatView.swift; sourceTree = "<group>"; };
		B200015E /* NotesRecorderSheet.swift */ = {isa = PBXFileReference; lastKnownFileType = sourcecode.swift; path = NotesRecorderSheet.swift; sourceTree = "<group>"; };
		B2000130 /* Assets.xcassets */ = {isa = PBXFileReference; lastKnownFileType = folder.assetcatalog; path = Assets.xcassets; sourceTree = "<group>"; };
/* End PBXFileReference section */

/* Begin PBXFrameworksBuildPhase section */
		B20000E0 /* Frameworks */ = {
			isa = PBXFrameworksBuildPhase;
			buildActionMask = 2147483647;
			files = (
			);
			runOnlyForDeploymentPostprocessing = 0;
		};
/* End PBXFrameworksBuildPhase section */

/* Begin PBXGroup section */
		B20000F1 = {
			isa = PBXGroup;
			children = (
				B2000200 /* Opennote */,
				B20000F0 /* Opennote.app */,
			);
			sourceTree = "<group>";
		};
		B2000200 /* Opennote */ = {
			isa = PBXGroup;
			children = (
				B2000201 /* App */,
				B2000130 /* Assets.xcassets */,
				B200020A /* Config */,
				B2000202 /* DesignSystem */,
				B200020D /* Features */,
				B2000203 /* Models */,
				B200020B /* Services */,
				B2000204 /* ViewModels */,
				B2000205 /* Views */,
			);
			path = Opennote;
			sourceTree = "<group>";
		};
		B200020D /* Features */ = {
			isa = PBXGroup;
			children = (
				B200020E /* PhotoToText */,
			);
			path = Features;
			sourceTree = "<group>";
		};
		B200020E /* PhotoToText */ = {
			isa = PBXGroup;
			children = (
				B2000145 /* ScanSessionModel.swift */,
				B2000146 /* ImagePreprocessor.swift */,
				B2000147 /* DocumentScannerView.swift */,
				B2000148 /* ScanResultView.swift */,
				B2000149 /* PhotoToTextButton.swift */,
			);
			path = PhotoToText;
			sourceTree = "<group>";
		};
		B2000201 /* App */ = {
			isa = PBXGroup;
			children = (
				B2000101 /* OpennoteApp.swift */,
			);
			path = App;
			sourceTree = "<group>";
		};
		B2000202 /* DesignSystem */ = {
			isa = PBXGroup;
			children = (
				B2000102 /* Colors.swift */,
				B2000103 /* Typography.swift */,
				B2000104 /* CardStyle.swift */,
				B200011E /* Haptics.swift */,
				B2000120 /* Toast.swift */,
				B200014C /* KeyboardDismissAccessory.swift */,
				B2000156 /* JournalKeyboardAccessory.swift */,
				B200014D /* FeynmanChatBar.swift */,
				B200014F /* FeynmanPlusSheet.swift */,
				B2000150 /* FeynmanModeSheet.swift */,
				B2000151 /* FeynmanInsertFromJournalSheet.swift */,
				B2000152 /* DocumentPickerView.swift */,
				B2000153 /* CameraImagePickerForBar.swift */,
			);
			path = DesignSystem;
			sourceTree = "<group>";
		};
		B2000203 /* Models */ = {
			isa = PBXGroup;
			children = (
				B2000144 /* InsertionMode.swift */,
				B2000105 /* Journal.swift */,
				B2000106 /* Paper.swift */,
				B2000111 /* NoteBlock.swift */,
				B2000131 /* SlashCommand.swift */,
				B200011F /* NotesStore.swift */,
				B2000124 /* PaperTemplate.swift */,
				B2000126 /* AppSettings.swift */,
				B200015B /* FeynmanChatMessage.swift */,
			);
			path = Models;
			sourceTree = "<group>";
		};
		B2000204 /* ViewModels */ = {
			isa = PBXGroup;
			children = (
				B2000107 /* AppViewModel.swift */,
				B2000112 /* JournalEditorViewModel.swift */,
				B200014E /* FeynmanChatBarViewModel.swift */,
				B200015C /* FeynmanConversationViewModel.swift */,
			);
			path = ViewModels;
			sourceTree = "<group>";
		};
		B2000205 /* Views */ = {
			isa = PBXGroup;
			children = (
				B2000206 /* Sidebar */,
				B2000207 /* Home */,
				B2000208 /* Inbox */,
				B2000209 /* Editor */,
				B200020C /* Upgrade */,
				B2000129 /* AppLoadView.swift */,
				B2000108 /* SplashView.swift */,
				B200011D /* TutorialView.swift */,
				B2000109 /* LoginView.swift */,
				B200010A /* OnboardingView.swift */,
				B200010B /* RootView.swift */,
				B200010C /* MainContainerView.swift */,
			);
			path = Views;
			sourceTree = "<group>";
		};
		B2000206 /* Sidebar */ = {
			isa = PBXGroup;
			children = (
				B200010D /* SidebarView.swift */,
			);
			path = Sidebar;
			sourceTree = "<group>";
		};
		B2000207 /* Home */ = {
			isa = PBXGroup;
			children = (
				B200010E /* HomeView.swift */,
			);
			path = Home;
			sourceTree = "<group>";
		};
		B2000208 /* Inbox */ = {
			isa = PBXGroup;
			children = (
				B200010F /* InboxView.swift */,
			);
			path = Inbox;
			sourceTree = "<group>";
		};
		B200020C /* Upgrade */ = {
			isa = PBXGroup;
			children = (
				B2000128 /* UpgradeSheet.swift */,
			);
			path = Upgrade;
			sourceTree = "<group>";
		};
		B2000209 /* Editor */ = {
			isa = PBXGroup;
			children = (
				B2000110 /* JournalEditorView.swift */,
				B2000113 /* BlockRowView.swift */,
				B200015A /* ParagraphTextView.swift */,
				B2000163 /* ListItemField.swift */,
				B200015D /* FeynmanChatView.swift */,
				B200011C /* PaperEditorView.swift */,
				B2000114 /* ParagraphBlockView.swift */,
				B2000115 /* HeadingBlockView.swift */,
				B2000116 /* BulletListBlockView.swift */,
				B2000117 /* NumberedListBlockView.swift */,
				B2000118 /* CodeCardBlockView.swift */,
				B200012B /* CalloutBlockView.swift */,
				B200012C /* TodoBlockView.swift */,
				B200012D /* DividerBlockView.swift */,
				B2000119 /* AIPromptBlockView.swift */,
				B2000121 /* GraphBlockView.swift */,
				B2000122 /* MathBlockView.swift */,
				B2000132 /* SlashCommandPaletteView.swift */,
				B2000133 /* FlashcardBlockView.swift */,
				B2000134 /* PracticeProblemsBlockView.swift */,
				B2000135 /* PhotoToTextView.swift */,
				B2000123 /* JournalSettingsSheet.swift */,
				B2000125 /* PaperSettingsSheet.swift */,
				B2000127 /* SettingsComponents.swift */,
				B2000155 /* VoiceInputSheet.swift */,
				B200015E /* NotesRecorderSheet.swift */,
			);
			path = Editor;
			sourceTree = "<group>";
		};
		B200020A /* Config */ = {
			isa = PBXGroup;
			children = (
				B200011A /* OpenAIConfig.swift */,
			);
			path = Config;
			sourceTree = "<group>";
		};
		B200020B /* Services */ = {
			isa = PBXGroup;
			children = (
				B200011B /* OpenAIService.swift */,
				B2000159 /* KeyboardObserver.swift */,
				B200012A /* CodeExecutionService.swift */,
				B200014A /* VisionOCRService.swift */,
				B200014B /* OpenAIVisionService.swift */,
				B2000154 /* SpeechToTextService.swift */,
			);
			path = Services;
			sourceTree = "<group>";
		};
/* End PBXGroup section */

/* Begin PBXNativeTarget section */
		B20000E1 /* Opennote */ = {
			isa = PBXNativeTarget;
			buildConfigurationList = B20000E2 /* Build configuration list for PBXNativeTarget "Opennote" */;
			buildPhases = (
				B20000E3 /* Sources */,
				B20000E0 /* Frameworks */,
				B20000E4 /* Resources */,
			);
			buildRules = (
			);
			dependencies = (
			);
			name = Opennote;
			productName = Opennote;
			productReference = B20000F0 /* Opennote.app */;
			productType = "com.apple.product-type.application";
		};
/* End PBXNativeTarget section */

/* Begin PBXProject section */
		B20000E5 /* Project object */ = {
			isa = PBXProject;
			attributes = {
				BuildIndependentTargetsInParallel = 1;
				LastSwiftUpdateCheck = 1500;
				LastUpgradeCheck = 1500;
				TargetAttributes = {
					B20000E1 = {
						CreatedOnToolsVersion = 15.0;
					};
				};
			};
			buildConfigurationList = B20000E6 /* Build configuration list for PBXProject "OpenNoteMVP" */;
			compatibilityVersion = "Xcode 14.0";
			developmentRegion = en;
			hasScannedForEncodings = 0;
			knownRegions = (
				en,
				Base,
			);
			mainGroup = B20000F1;
			projectDirPath = "";
			projectRoot = "";
			targets = (
				B20000E1 /* Opennote */,
			);
		};
/* End PBXProject section */

/* Begin PBXResourcesBuildPhase section */
		B20000E4 /* Resources */ = {
			isa = PBXResourcesBuildPhase;
			buildActionMask = 2147483647;
			files = (
				B2000030 /* Assets.xcassets in Resources */,
			);
			runOnlyForDeploymentPostprocessing = 0;
		};
/* End PBXResourcesBuildPhase section */

/* Begin PBXSourcesBuildPhase section */
		B20000E3 /* Sources */ = {
			isa = PBXSourcesBuildPhase;
			buildActionMask = 2147483647;
			files = (
				B2000001 /* OpennoteApp.swift in Sources */,
				B2000002 /* Colors.swift in Sources */,
				B2000003 /* Typography.swift in Sources */,
				B2000004 /* CardStyle.swift in Sources */,
				B2000005 /* Journal.swift in Sources */,
				B2000006 /* Paper.swift in Sources */,
				B2000007 /* AppViewModel.swift in Sources */,
				B2000008 /* SplashView.swift in Sources */,
				B2000029 /* AppLoadView.swift in Sources */,
				B2000009 /* LoginView.swift in Sources */,
				B200000A /* OnboardingView.swift in Sources */,
				B200000B /* RootView.swift in Sources */,
				B200000C /* MainContainerView.swift in Sources */,
				B200000D /* SidebarView.swift in Sources */,
				B200000E /* HomeView.swift in Sources */,
				B200000F /* InboxView.swift in Sources */,
				B2000010 /* JournalEditorView.swift in Sources */,
				B2000011 /* NoteBlock.swift in Sources */,
				B2000012 /* JournalEditorViewModel.swift in Sources */,
				B2000049 /* BlockRowView.swift in Sources */,
				B2000014 /* ParagraphBlockView.swift in Sources */,
				B2000157 /* KeyboardObserver.swift in Sources */,
				B2000158 /* ParagraphTextView.swift in Sources */,
				B2000162 /* ListItemField.swift in Sources */,
				B200005A /* FeynmanChatMessage.swift in Sources */,
				B200005B /* FeynmanConversationViewModel.swift in Sources */,
				B200005C /* FeynmanChatView.swift in Sources */,
				B2000015 /* HeadingBlockView.swift in Sources */,
				B2000016 /* BulletListBlockView.swift in Sources */,
				B2000017 /* NumberedListBlockView.swift in Sources */,
				B2000018 /* CodeCardBlockView.swift in Sources */,
				B200002B /* CalloutBlockView.swift in Sources */,
				B200002C /* TodoBlockView.swift in Sources */,
				B200002D /* DividerBlockView.swift in Sources */,
				B2000019 /* AIPromptBlockView.swift in Sources */,
				B2000021 /* GraphBlockView.swift in Sources */,
				B2000022 /* MathBlockView.swift in Sources */,
				B2000023 /* JournalSettingsSheet.swift in Sources */,
				B2000024 /* PaperTemplate.swift in Sources */,
				B2000025 /* PaperSettingsSheet.swift in Sources */,
				B2000026 /* AppSettings.swift in Sources */,
				B2000027 /* SettingsComponents.swift in Sources */,
				B2000028 /* UpgradeSheet.swift in Sources */,
				B200001A /* OpenAIConfig.swift in Sources */,
				B200001C /* PaperEditorView.swift in Sources */,
				B200001D /* TutorialView.swift in Sources */,
				B200001E /* Haptics.swift in Sources */,
				B200001F /* NotesStore.swift in Sources */,
				B2000020 /* Toast.swift in Sources */,
				B200001B /* OpenAIService.swift in Sources */,
				B200002A /* CodeExecutionService.swift in Sources */,
				B2000031 /* SlashCommand.swift in Sources */,
				B2000032 /* SlashCommandPaletteView.swift in Sources */,
				B2000033 /* FlashcardBlockView.swift in Sources */,
				B2000034 /* PracticeProblemsBlockView.swift in Sources */,
				B2000035 /* PhotoToTextView.swift in Sources */,
				B2000036 /* InsertionMode.swift in Sources */,
				B2000037 /* ScanSessionModel.swift in Sources */,
				B2000038 /* ImagePreprocessor.swift in Sources */,
				B2000039 /* DocumentScannerView.swift in Sources */,
				B200003A /* ScanResultView.swift in Sources */,
				B200003B /* PhotoToTextButton.swift in Sources */,
				B200003C /* VisionOCRService.swift in Sources */,
				B200003D /* OpenAIVisionService.swift in Sources */,
				B200003E /* KeyboardDismissAccessory.swift in Sources */,
				B200003F /* FeynmanChatBar.swift in Sources */,
				B2000040 /* FeynmanChatBarViewModel.swift in Sources */,
				B2000041 /* FeynmanPlusSheet.swift in Sources */,
				B2000042 /* FeynmanModeSheet.swift in Sources */,
				B2000043 /* FeynmanInsertFromJournalSheet.swift in Sources */,
				B2000044 /* DocumentPickerView.swift in Sources */,
				B2000045 /* CameraImagePickerForBar.swift in Sources */,
				B2000046 /* SpeechToTextService.swift in Sources */,
				B2000047 /* VoiceInputSheet.swift in Sources */,
				B2000059 /* NotesRecorderSheet.swift in Sources */,
				B2000048 /* JournalKeyboardAccessory.swift in Sources */,
			);
			runOnlyForDeploymentPostprocessing = 0;
		};
/* End PBXSourcesBuildPhase section */

/* Begin XCBuildConfiguration section */
		B20000E7 /* Debug */ = {
			isa = XCBuildConfiguration;
			buildSettings = {
				ALWAYS_SEARCH_USER_PATHS = NO;
				ASSETCATALOG_COMPILER_GENERATE_SWIFT_ASSET_SYMBOL_EXTENSIONS = YES;
				CLANG_ANALYZER_NONNULL = YES;
				CLANG_ANALYZER_NUMBER_OBJECT_CONVERSION = YES_AGGRESSIVE;
				CLANG_CXX_LANGUAGE_STANDARD = "gnu++20";
				CLANG_ENABLE_MODULES = YES;
				CLANG_ENABLE_OBJC_ARC = YES;
				CLANG_ENABLE_OBJC_WEAK = YES;
				COPY_PHASE_STRIP = NO;
				DEBUG_INFORMATION_FORMAT = dwarf;
				ENABLE_STRICT_OBJC_MSGSEND = YES;
				ENABLE_TESTABILITY = YES;
				GCC_C_LANGUAGE_STANDARD = gnu17;
				GCC_DYNAMIC_NO_PIC = NO;
				GCC_OPTIMIZATION_LEVEL = 0;
				GCC_PREPROCESSOR_DEFINITIONS = (
					"DEBUG=1",
					"$(inherited)",
				);
				GCC_WARN_64_TO_32_BIT_CONVERSION = YES;
				GCC_WARN_ABOUT_RETURN_TYPE = YES_ERROR;
				GCC_WARN_UNDECLARED_SELECTOR = YES;
				GCC_WARN_UNINITIALIZED_AUTOS = YES_AGGRESSIVE;
				GCC_WARN_UNUSED_FUNCTION = YES;
				GCC_WARN_UNUSED_VARIABLE = YES;
				IPHONEOS_DEPLOYMENT_TARGET = 17.0;
				LOCALIZATION_PREFERS_STRING_CATALOGS = YES;
				MTL_ENABLE_DEBUG_INFO = INCLUDE_SOURCE;
				MTL_FAST_MATH = YES;
				ONLY_ACTIVE_ARCH = YES;
				SDKROOT = iphoneos;
				SWIFT_ACTIVE_COMPILATION_CONDITIONS = "DEBUG $(inherited)";
				SWIFT_OPTIMIZATION_LEVEL = "-Onone";
			};
			name = Debug;
		};
		B20000E8 /* Release */ = {
			isa = XCBuildConfiguration;
			buildSettings = {
				ALWAYS_SEARCH_USER_PATHS = NO;
				ASSETCATALOG_COMPILER_GENERATE_SWIFT_ASSET_SYMBOL_EXTENSIONS = YES;
				CLANG_ANALYZER_NONNULL = YES;
				CLANG_ANALYZER_NUMBER_OBJECT_CONVERSION = YES_AGGRESSIVE;
				CLANG_CXX_LANGUAGE_STANDARD = "gnu++20";
				CLANG_ENABLE_MODULES = YES;
				CLANG_ENABLE_OBJC_ARC = YES;
				CLANG_ENABLE_OBJC_WEAK = YES;
				COPY_PHASE_STRIP = NO;
				DEBUG_INFORMATION_FORMAT = "dwarf-with-dsym";
				ENABLE_NS_ASSERTIONS = NO;
				ENABLE_STRICT_OBJC_MSGSEND = YES;
				GCC_C_LANGUAGE_STANDARD = gnu17;
				GCC_WARN_64_TO_32_BIT_CONVERSION = YES;
				GCC_WARN_ABOUT_RETURN_TYPE = YES_ERROR;
				GCC_WARN_UNDECLARED_SELECTOR = YES;
				GCC_WARN_UNINITIALIZED_AUTOS = YES_AGGRESSIVE;
				GCC_WARN_UNUSED_FUNCTION = YES;
				GCC_WARN_UNUSED_VARIABLE = YES;
				IPHONEOS_DEPLOYMENT_TARGET = 17.0;
				LOCALIZATION_PREFERS_STRING_CATALOGS = YES;
				MTL_ENABLE_DEBUG_INFO = NO;
				MTL_FAST_MATH = YES;
				SDKROOT = iphoneos;
				SWIFT_COMPILATION_MODE = wholemodule;
				VALIDATE_PRODUCT = YES;
			};
			name = Release;
		};
		B20000E9 /* Debug */ = {
			isa = XCBuildConfiguration;
			buildSettings = {
				ASSETCATALOG_COMPILER_APPICON_NAME = AppIcon;
				ASSETCATALOG_COMPILER_GLOBAL_ACCENT_COLOR_NAME = AccentColor;
				CODE_SIGN_STYLE = Automatic;
				CURRENT_PROJECT_VERSION = 1;
				DEVELOPMENT_ASSET_PATHS = "";
				DEVELOPMENT_TEAM = 7YVUXL5G2Z;
				ENABLE_PREVIEWS = YES;
				GENERATE_INFOPLIST_FILE = YES;
				INFOPLIST_KEY_UIApplicationSceneManifest_Generation = YES;
				INFOPLIST_KEY_UIApplicationSupportsIndirectInputEvents = YES;
				INFOPLIST_KEY_UILaunchScreen_Generation = YES;
				INFOPLIST_KEY_NSCameraUsageDescription = "Opennote needs camera access to scan your handwritten notes and whiteboards.";
				INFOPLIST_KEY_NSMicrophoneUsageDescription = "Opennote uses the microphone for voice input when you tap the microphone button.";
				INFOPLIST_KEY_NSPhotoLibraryUsageDescription = "Opennote needs photo library access so you can import existing photos of your notes.";
				INFOPLIST_KEY_NSSpeechRecognitionUsageDescription = "Opennote uses speech recognition to convert your voice to text in the Feynman chat bar.";
				INFOPLIST_KEY_UISupportedInterfaceOrientations_iPad = "UIInterfaceOrientationPortrait UIInterfaceOrientationPortraitUpsideDown UIInterfaceOrientationLandscapeLeft UIInterfaceOrientationLandscapeRight";
				INFOPLIST_KEY_UISupportedInterfaceOrientations_iPhone = "UIInterfaceOrientationPortrait UIInterfaceOrientationLandscapeLeft UIInterfaceOrientationLandscapeRight";
				LD_RUNPATH_SEARCH_PATHS = (
					"$(inherited)",
					"@executable_path/Frameworks",
				);
				MARKETING_VERSION = 1.0;
				PRODUCT_BUNDLE_IDENTIFIER = com.opennote.app;
				PRODUCT_NAME = Opennote;
				SUPPORTED_PLATFORMS = "iphoneos iphonesimulator";
				SUPPORTS_MACCATALYST = NO;
				SWIFT_EMIT_LOC_STRINGS = YES;
				SWIFT_VERSION = 5.0;
				TARGETED_DEVICE_FAMILY = "1,2";
			};
			name = Debug;
		};
		B20000EA /* Release */ = {
			isa = XCBuildConfiguration;
			buildSettings = {
				ASSETCATALOG_COMPILER_APPICON_NAME = AppIcon;
				ASSETCATALOG_COMPILER_GLOBAL_ACCENT_COLOR_NAME = AccentColor;
				CODE_SIGN_STYLE = Automatic;
				CURRENT_PROJECT_VERSION = 1;
				DEVELOPMENT_ASSET_PATHS = "";
				DEVELOPMENT_TEAM = 7YVUXL5G2Z;
				ENABLE_PREVIEWS = YES;
				GENERATE_INFOPLIST_FILE = YES;
				INFOPLIST_KEY_UIApplicationSceneManifest_Generation = YES;
				INFOPLIST_KEY_UIApplicationSupportsIndirectInputEvents = YES;
				INFOPLIST_KEY_UILaunchScreen_Generation = YES;
				INFOPLIST_KEY_NSCameraUsageDescription = "Opennote needs camera access to scan your handwritten notes and whiteboards.";
				INFOPLIST_KEY_NSMicrophoneUsageDescription = "Opennote uses the microphone for voice input when you tap the microphone button.";
				INFOPLIST_KEY_NSPhotoLibraryUsageDescription = "Opennote needs photo library access so you can import existing photos of your notes.";
				INFOPLIST_KEY_NSSpeechRecognitionUsageDescription = "Opennote uses speech recognition to convert your voice to text in the Feynman chat bar.";
				INFOPLIST_KEY_UISupportedInterfaceOrientations_iPad = "UIInterfaceOrientationPortrait UIInterfaceOrientationPortraitUpsideDown UIInterfaceOrientationLandscapeLeft UIInterfaceOrientationLandscapeRight";
				INFOPLIST_KEY_UISupportedInterfaceOrientations_iPhone = "UIInterfaceOrientationPortrait UIInterfaceOrientationLandscapeLeft UIInterfaceOrientationLandscapeRight";
				LD_RUNPATH_SEARCH_PATHS = (
					"$(inherited)",
					"@executable_path/Frameworks",
				);
				MARKETING_VERSION = 1.0;
				PRODUCT_BUNDLE_IDENTIFIER = com.opennote.app;
				PRODUCT_NAME = Opennote;
				SUPPORTED_PLATFORMS = "iphoneos iphonesimulator";
				SUPPORTS_MACCATALYST = NO;
				SWIFT_EMIT_LOC_STRINGS = YES;
				SWIFT_VERSION = 5.0;
				TARGETED_DEVICE_FAMILY = "1,2";
			};
			name = Release;
		};
/* End XCBuildConfiguration section */

/* Begin XCConfigurationList section */
		B20000E2 /* Build configuration list for PBXNativeTarget "Opennote" */ = {
			isa = XCConfigurationList;
			buildConfigurations = (
				B20000E9 /* Debug */,
				B20000EA /* Release */,
			);
			defaultConfigurationIsVisible = 0;
			defaultConfigurationName = Release;
		};
		B20000E6 /* Build configuration list for PBXProject "OpenNoteMVP" */ = {
			isa = XCConfigurationList;
			buildConfigurations = (
				B20000E7 /* Debug */,
				B20000E8 /* Release */,
			);
			defaultConfigurationIsVisible = 0;
			defaultConfigurationName = Release;
		};
/* End XCConfigurationList section */
	};
	rootObject = B20000E5 /* Project object */;
}
